{"SurveyEntry":{"SurveyID":"SV_9mjPrWYFqC7T782","SurveyName":"Structural consequences - study 3","SurveyDescription":null,"SurveyOwnerID":"UR_8cwUbpSZyvvGHWZ","SurveyBrandID":"stanforduniversity","DivisionID":null,"SurveyLanguage":"EN","SurveyActiveResponseSet":"RS_4Tp9JkwtjDfjAA6","SurveyStatus":"Inactive","SurveyStartDate":"0000-00-00 00:00:00","SurveyExpirationDate":"0000-00-00 00:00:00","SurveyCreationDate":"2021-04-26 12:06:02","CreatorID":"UR_8cwUbpSZyvvGHWZ","LastModified":"2021-04-26 12:13:31","LastAccessed":"0000-00-00 00:00:00","LastActivated":"0000-00-00 00:00:00","Deleted":null},"SurveyElements":[{"SurveyID":"SV_9mjPrWYFqC7T782","Element":"BL","PrimaryAttribute":"Survey Blocks","SecondaryAttribute":null,"TertiaryAttribute":null,"Payload":{"0":{"Type":"Default","Description":"Property (generic)","ID":"BL_6Rm8uUYJpezFClv","BlockElements":[{"Type":"Question","QuestionID":"QID3"},{"Type":"Page Break"},{"Type":"Question","QuestionID":"QID123"},{"Type":"Page Break"},{"Type":"Question","QuestionID":"QID124"},{"Type":"Question","QuestionID":"QID4"}],"Options":{"BlockLocking":"false","RandomizeQuestions":"false","BlockVisibility":"Expanded","Looping":"None","LoopingOptions":null}},"1":{"Type":"Trash","Description":"Trash \/ Unused Questions","ID":"BL_3geXyGe2Y1THI8t","BlockElements":[]},"8":{"Type":"Standard","SubType":"","Description":"Zarpies intro","ID":"BL_3lpkwIeOTlJczQN","BlockElements":[{"Type":"Question","QuestionID":"QID2"},{"Type":"Question","QuestionID":"QID102"}]},"10":{"Type":"Standard","SubType":"","Description":"Consent","ID":"BL_eLNnHJd0cSLUhBX","BlockElements":[{"Type":"Question","QuestionID":"QID64"}]},"11":{"Type":"Standard","SubType":"","Description":"Attention check","ID":"BL_4NhuTwm12k12kJL","BlockElements":[{"Type":"Question","QuestionID":"QID74"},{"Type":"Question","QuestionID":"QID87"},{"Type":"Page Break"},{"Type":"Question","QuestionID":"QID67"}]},"12":{"Type":"Standard","SubType":"","Description":"Demographics","ID":"BL_9pLwSxmodg6W4Jv","BlockElements":[{"Type":"Question","QuestionID":"QID94"},{"Type":"Question","QuestionID":"QID68"},{"Type":"Question","QuestionID":"QID69"},{"Type":"Question","QuestionID":"QID70"},{"Type":"Question","QuestionID":"QID71"},{"Type":"Question","QuestionID":"QID86"},{"Type":"Question","QuestionID":"QID72"}]},"13":{"Type":"Standard","Description":"Construal: biological","ID":"BL_4GYrsVsYHbM4bHv","BlockElements":[{"Type":"Question","QuestionID":"QID79"}],"Options":{"BlockLocking":false,"RandomizeQuestions":"false","BlockVisibility":"Expanded","Looping":"None","LoopingOptions":null}},"14":{"Type":"Standard","Description":"Construal: cultural","ID":"BL_3QoYqb7IOA0KMf3","BlockElements":[{"Type":"Question","QuestionID":"QID80"}],"Options":{"BlockLocking":false,"RandomizeQuestions":"false","BlockVisibility":"Expanded","Looping":"None","LoopingOptions":null}},"15":{"Type":"Standard","Description":"Constural: structural","ID":"BL_0TCOXgfg7dLKfNX","BlockElements":[{"Type":"Question","QuestionID":"QID81"}],"Options":{"BlockLocking":false,"RandomizeQuestions":"false","BlockVisibility":"Expanded","Looping":"None","LoopingOptions":null}},"16":{"Type":"Standard","SubType":"","Description":"Target of intervention","ID":"BL_1F7EjoDSQazv8Vf","BlockElements":[{"Type":"Question","QuestionID":"QID85"},{"Type":"Question","QuestionID":"QID112"}]},"18":{"Type":"Standard","SubType":"","Description":"Acceptability","ID":"BL_9mF2EwAnHoCoFqB","BlockElements":[{"Type":"Question","QuestionID":"QID44"},{"Type":"Question","QuestionID":"QID103"},{"Type":"Question","QuestionID":"QID122"}]},"19":{"Type":"Standard","SubType":"","Description":"Intro","ID":"BL_cwQDaRzNGvqfQEJ","BlockElements":[{"Type":"Question","QuestionID":"QID95"}]},"20":{"Type":"Standard","SubType":"","Description":"Switched context","ID":"BL_3qsmfplF3n5ItxP","BlockElements":[{"Type":"Question","QuestionID":"QID117"}],"Options":{"BlockLocking":false,"RandomizeQuestions":"false","BlockVisibility":"Expanded"}},"21":{"Type":"Standard","SubType":"","Description":"Group differences","ID":"BL_8Jvtgsym53yYqmG","BlockElements":[{"Type":"Question","QuestionID":"QID126"}]},"24":{"Type":"Standard","SubType":"","Description":"Explanation rating","ID":"BL_0UvnZAyBuWir2B0","BlockElements":[{"Type":"Question","QuestionID":"QID135"}],"Options":{"BlockLocking":false,"RandomizeQuestions":"false","BlockVisibility":"Expanded"}}}},{"SurveyID":"SV_9mjPrWYFqC7T782","Element":"FL","PrimaryAttribute":"Survey Flow","SecondaryAttribute":null,"TertiaryAttribute":null,"Payload":{"Type":"Root","FlowID":"FL_1","Flow":[{"Type":"Standard","ID":"BL_eLNnHJd0cSLUhBX","FlowID":"FL_31","Autofill":[]},{"Type":"Branch","FlowID":"FL_34","Description":"New Branch","BranchLogic":{"0":{"0":{"LogicType":"Question","QuestionID":"QID64","QuestionIsInLoop":"no","ChoiceLocator":"q:\/\/QID64\/SelectableChoice\/1","Operator":"Selected","QuestionIDFromLocator":"QID64","LeftOperand":"q:\/\/QID64\/SelectableChoice\/1","Type":"Expression","Description":"<span class=\"ConjDesc\">If<\/span> <span class=\"QuestionDesc\">STUDY TITLE: Comparison processing in children\n&amp;nbsp;\nPROTOCOL DIRECTOR:&amp;nbsp; Marianna Zhang\n&amp;nbsp;\nDESCRIPTION:&amp;nbsp; You are invited to participate in&amp;nbsp;a research study&amp;nbsp;on language and ...<\/span> <span class=\"LeftOpDesc\">&lt;span style=\"font-size:16px;\"&gt;&lt;span style=\"font-family:arial,helvetica,sans-serif;\"&gt;I do NOT consent to participate&lt;\/span&gt;&lt;\/span&gt;<\/span> <span class=\"OpDesc\">Is Selected<\/span> "},"Type":"If"},"Type":"BooleanExpression"},"Flow":[{"Type":"EndSurvey","FlowID":"FL_35","EndingType":"Advanced","Options":{"Advanced":"true","SurveyTermination":"DisplayMessage","EOSMessageLibrary":"UR_8cwUbpSZyvvGHWZ","EOSMessage":"MS_eXrmF0VOT6TsRGB"}}]},{"Type":"Standard","ID":"BL_cwQDaRzNGvqfQEJ","FlowID":"FL_43","Autofill":[]},{"Type":"Standard","ID":"BL_3lpkwIeOTlJczQN","FlowID":"FL_11","Autofill":[]},{"Type":"Block","ID":"BL_6Rm8uUYJpezFClv","FlowID":"FL_2","Autofill":[]},{"Type":"BlockRandomizer","FlowID":"FL_14","SubSet":1,"EvenPresentation":true,"Flow":[{"Type":"EmbeddedData","FlowID":"FL_24","EmbeddedData":[{"Description":"condition","Type":"Custom","Field":"condition","VariableType":"String","DataVisibility":[],"AnalyzeText":false,"Value":"biological_pos"}]},{"Type":"EmbeddedData","FlowID":"FL_53","EmbeddedData":[{"Description":"condition","Type":"Custom","Field":"condition","VariableType":"String","DataVisibility":[],"AnalyzeText":false,"Value":"biological_neg"}]},{"Type":"EmbeddedData","FlowID":"FL_15","EmbeddedData":[{"Description":"condition","Type":"Custom","Field":"condition","VariableType":"String","DataVisibility":[],"AnalyzeText":false,"Value":"cultural_pos"}]},{"Type":"EmbeddedData","FlowID":"FL_54","EmbeddedData":[{"Description":"condition","Type":"Custom","Field":"condition","VariableType":"String","DataVisibility":[],"AnalyzeText":false,"Value":"cultural_neg"}]},{"Type":"EmbeddedData","FlowID":"FL_44","EmbeddedData":[{"Description":"condition","Type":"Custom","Field":"condition","VariableType":"String","DataVisibility":[],"AnalyzeText":false,"Value":"structural"}]}]},{"Type":"Branch","FlowID":"FL_25","Description":"New Branch","BranchLogic":{"0":{"0":{"LogicType":"EmbeddedField","LeftOperand":"condition","Operator":"EqualTo","RightOperand":"biological_pos","_HiddenExpression":false,"Type":"Expression","Description":"<span class=\"ConjDesc\">If<\/span>  <span class=\"LeftOpDesc\">condition<\/span> <span class=\"OpDesc\">Is Equal to<\/span> <span class=\"RightOpDesc\"> biological_pos <\/span>"},"Type":"If"},"Type":"BooleanExpression"},"Flow":[{"Type":"Standard","ID":"BL_4GYrsVsYHbM4bHv","FlowID":"FL_37","Autofill":[]}]},{"Type":"Branch","FlowID":"FL_55","Description":"New Branch","BranchLogic":{"0":{"0":{"LogicType":"EmbeddedField","LeftOperand":"condition","Operator":"EqualTo","RightOperand":"biological_neg","_HiddenExpression":false,"Type":"Expression","Description":"<span class=\"ConjDesc\">If<\/span>  <span class=\"LeftOpDesc\">condition<\/span> <span class=\"OpDesc\">Is Equal to<\/span> <span class=\"RightOpDesc\"> biological_neg <\/span>"},"Type":"If"},"Type":"BooleanExpression"},"Flow":[]},{"Type":"Branch","FlowID":"FL_26","Description":"New Branch","BranchLogic":{"0":{"0":{"LogicType":"EmbeddedField","LeftOperand":"condition","Operator":"EqualTo","RightOperand":"cultural_pos","_HiddenExpression":false,"Type":"Expression","Description":"<span class=\"ConjDesc\">If<\/span>  <span class=\"LeftOpDesc\">condition<\/span> <span class=\"OpDesc\">Is Equal to<\/span> <span class=\"RightOpDesc\"> cultural_pos <\/span>"},"Type":"If"},"Type":"BooleanExpression"},"Flow":[{"Type":"Standard","ID":"BL_3QoYqb7IOA0KMf3","FlowID":"FL_38","Autofill":[]}]},{"Type":"Branch","FlowID":"FL_58","Description":"New Branch","BranchLogic":{"0":{"0":{"LogicType":"EmbeddedField","LeftOperand":"condition","Operator":"EqualTo","RightOperand":"cultural_neg","_HiddenExpression":false,"Type":"Expression","Description":"<span class=\"ConjDesc\">If<\/span>  <span class=\"LeftOpDesc\">condition<\/span> <span class=\"OpDesc\">Is Equal to<\/span> <span class=\"RightOpDesc\"> cultural_neg <\/span>"},"Type":"If"},"Type":"BooleanExpression"},"Flow":[]},{"Type":"Branch","FlowID":"FL_28","Description":"New Branch","BranchLogic":{"0":{"0":{"LogicType":"EmbeddedField","LeftOperand":"condition","Operator":"EqualTo","RightOperand":"structural","_HiddenExpression":false,"Type":"Expression","Description":"<span class=\"ConjDesc\">If<\/span>  <span class=\"LeftOpDesc\">condition<\/span> <span class=\"OpDesc\">Is Equal to<\/span> <span class=\"RightOpDesc\"> structural <\/span>"},"Type":"If"},"Type":"BooleanExpression"},"Flow":[{"Type":"Standard","ID":"BL_0TCOXgfg7dLKfNX","FlowID":"FL_39","Autofill":[]}]},{"Type":"BlockRandomizer","FlowID":"FL_49","SubSet":2,"Flow":[{"Type":"Standard","ID":"BL_9mF2EwAnHoCoFqB","FlowID":"FL_42","Autofill":[]},{"Type":"Standard","ID":"BL_8Jvtgsym53yYqmG","FlowID":"FL_47","Autofill":[]}]},{"Type":"Standard","ID":"BL_3qsmfplF3n5ItxP","FlowID":"FL_45","Autofill":[]},{"Type":"Standard","ID":"BL_0UvnZAyBuWir2B0","FlowID":"FL_52","Autofill":[]},{"Type":"Standard","ID":"BL_1F7EjoDSQazv8Vf","FlowID":"FL_40","Autofill":[]},{"Type":"Standard","ID":"BL_4NhuTwm12k12kJL","FlowID":"FL_32","Autofill":[]},{"Type":"Standard","ID":"BL_9pLwSxmodg6W4Jv","FlowID":"FL_33","Autofill":[]},{"Type":"EndSurvey","FlowID":"FL_30"}],"Properties":{"Count":60,"RemovedFieldsets":[]}}},{"SurveyID":"SV_9mjPrWYFqC7T782","Element":"RS","PrimaryAttribute":"RS_4Tp9JkwtjDfjAA6","SecondaryAttribute":null,"TertiaryAttribute":null,"Payload":null},{"SurveyID":"SV_9mjPrWYFqC7T782","Element":"SO","PrimaryAttribute":"Survey Options","SecondaryAttribute":null,"TertiaryAttribute":null,"Payload":{"BackButton":"false","SaveAndContinue":"true","SurveyProtection":"PublicSurvey","BallotBoxStuffingPrevention":"true","NoIndex":"Yes","SecureResponseFiles":"true","SurveyExpiration":null,"SurveyTermination":"DisplayMessage","Header":"","Footer":"","ProgressBarDisplay":"None","PartialData":"+1 week","ValidationMessage":null,"PreviousButton":" \u2190 ","NextButton":" \u2192 ","SkinLibrary":"stanforduniversity","SkinType":"MQ","Skin":"stanforduniversity3_new_update","NewScoring":1,"ProtectSelectionIds":true,"SurveyTitle":"Research Study | Qualtrics Survey Solutions","EOSMessage":"MS_bx9bTsIxlZPAqC9","ShowExportTags":"false","CollectGeoLocation":"false","SurveyMetaDescription":"The most powerful, simple and trusted way to gather experience data. Start your journey to experience management and try a free account today.","PasswordProtection":"No","AnonymizeResponse":"No","Password":"","RefererCheck":"No","RefererURL":"http:\/\/","UseCustomSurveyLinkCompletedMessage":null,"SurveyLinkCompletedMessage":"","SurveyLinkCompletedMessageLibrary":"","ResponseSummary":"No","EOSMessageLibrary":"UR_8cwUbpSZyvvGHWZ","EOSRedirectURL":"https:\/\/","EmailThankYou":"false","ThankYouEmailMessageLibrary":null,"ThankYouEmailMessage":null,"ValidateMessage":"false","ValidationMessageLibrary":null,"InactiveSurvey":"DefaultMessage","PartialDataCloseAfter":"LastActivity","ActiveResponseSet":null,"InactiveMessageLibrary":"","InactiveMessage":"","AvailableLanguages":{"EN":[]},"PartialDeletion":null}},{"SurveyID":"SV_9mjPrWYFqC7T782","Element":"SCO","PrimaryAttribute":"Scoring","SecondaryAttribute":null,"TertiaryAttribute":null,"Payload":{"ScoringCategories":[],"ScoringCategoryGroups":[],"ScoringSummaryCategory":null,"ScoringSummaryAfterQuestions":0,"ScoringSummaryAfterSurvey":0,"DefaultScoringCategory":null,"AutoScoringCategory":null}},{"SurveyID":"SV_9mjPrWYFqC7T782","Element":"PROJ","PrimaryAttribute":"CORE","SecondaryAttribute":null,"TertiaryAttribute":"1.1.0","Payload":{"ProjectCategory":"CORE","SchemaVersion":"1.1.0"}},{"SurveyID":"SV_9mjPrWYFqC7T782","Element":"STAT","PrimaryAttribute":"Survey Statistics","SecondaryAttribute":null,"TertiaryAttribute":null,"Payload":{"MobileCompatible":false,"ID":"Survey Statistics"}},{"SurveyID":"SV_9mjPrWYFqC7T782","Element":"SQ","PrimaryAttribute":"QID124","SecondaryAttribute":" ","TertiaryAttribute":null,"Payload":{"QuestionText":"<img height=\"240\" src=\"https:\/\/stanforduniversity.qualtrics.com\/CP\/Graphic.php?IM=IM_5nDEqdKoyD2Fdqe\" style=\"width: 600px; height: 240px;\" width=\"600\" \/>","DefaultChoices":false,"DataExportTag":"Q55","QuestionType":"DB","Selector":"TB","Configuration":{"QuestionDescriptionOption":"UseText"},"QuestionDescription":" ","ChoiceOrder":[],"Validation":{"Settings":{"Type":"None"}},"GradingData":[],"Language":[],"NextChoiceId":4,"NextAnswerId":1,"Graphics":"IM_5nDEqdKoyD2Fdqe","GraphicsDescription":"Island groups","QuestionID":"QID124"}},{"SurveyID":"SV_9mjPrWYFqC7T782","Element":"QC","PrimaryAttribute":"Survey Question Count","SecondaryAttribute":"135","TertiaryAttribute":null,"Payload":null},{"SurveyID":"SV_9mjPrWYFqC7T782","Element":"SQ","PrimaryAttribute":"QID135","SecondaryAttribute":"A reporter asks the island government why many Zarpies work as aquafruit farmers. How satisfying...","TertiaryAttribute":null,"Payload":{"QuestionText":"<p>A reporter asks the island government why many Zarpies work as aquafruit farmers.<br \/>\n<br \/>\nHow satisfying would you rate each of these possible explanations provided by the government?<\/p>","DefaultChoices":false,"DataExportTag":"expl_rate","QuestionID":"QID135","QuestionType":"Matrix","Selector":"Likert","SubSelector":"SingleAnswer","DataVisibility":{"Private":false,"Hidden":false},"Configuration":{"QuestionDescriptionOption":"UseText","TextPosition":"inline","ChoiceColumnWidth":25,"RepeatHeaders":"none","WhiteSpace":"OFF","MobileFirst":true},"QuestionDescription":"A reporter asks the island government why many Zarpies work as aquafruit farmers. How satisfying...","Choices":{"1":{"Display":"\"Zarpies prefer to work as aquafruit farmers.\""},"2":{"Display":"\"Zarpies are best-suited to working as aquafruit farmers.\""},"8":{"Display":"\"Zarpies have few other options than to be aquafruit farmers.\""}},"ChoiceOrder":[1,2,"8"],"Randomization":{"Advanced":null,"TotalRandSubset":"","Type":"All"},"Validation":{"Settings":{"ForceResponse":"ON","ForceResponseType":"ON","Type":"None"}},"GradingData":[],"Language":[],"NextChoiceId":10,"NextAnswerId":6,"Answers":{"1":{"Display":"Not at all satisfying"},"2":{"Display":"Slightly satisfying"},"3":{"Display":"Somewhat satisfying"},"4":{"Display":"Very satisfying"},"5":{"Display":"Extremely satisfying"}},"AnswerOrder":["1","2","3","4","5"],"ChoiceDataExportTags":false}},{"SurveyID":"SV_9mjPrWYFqC7T782","Element":"SQ","PrimaryAttribute":"QID126","SecondaryAttribute":"Are Zarpies and Vawns more similar or more different from each other?\u00a0 \u00a0","TertiaryAttribute":null,"Payload":{"QuestionText":"<p>Are Zarpies and Vawns more similar or more different from each other?&nbsp;<\/p>\n\n<p>&nbsp;<\/p>\n\n<p><img height=\"240\" src=\"https:\/\/stanforduniversity.qualtrics.com\/CP\/Graphic.php?IM=IM_5nDEqdKoyD2Fdqe\" style=\"width: 600px; height: 240px;\" width=\"600\"><\/p>","DefaultChoices":false,"QuestionType":"MC","Selector":"SAHR","SubSelector":"TX","DataVisibility":{"Private":false,"Hidden":false},"Configuration":{"QuestionDescriptionOption":"UseText","LabelPosition":"BELOW"},"QuestionDescription":"Are Zarpies and Vawns more similar or more different from each other?\u00a0 \u00a0","Choices":{"2":{"Display":"Very similar"},"3":{"Display":"Somewhat similar"},"7":{"Display":"Equally similar and different"},"8":{"Display":"Somewhat different"},"9":{"Display":"Very different"}},"ChoiceOrder":[2,3,"7","8","9"],"Validation":{"Settings":{"ForceResponse":"ON","ForceResponseType":"ON","Type":"None"}},"GradingData":[],"Language":[],"NextChoiceId":10,"NextAnswerId":1,"QuestionText_Unsafe":"<p>Is it okay or not okay that Zarpies mostly work as aquafruit farmers and Vawns mostly work as grocers?<\/p>","DataExportTag":"diff","QuestionID":"QID126"}},{"SurveyID":"SV_9mjPrWYFqC7T782","Element":"SQ","PrimaryAttribute":"QID79","SecondaryAttribute":"\u00a0 Zarpies work as aquafruit farmers, and don't often work as distribution managers. \u00a0 This is bec.","TertiaryAttribute":null,"Payload":{"QuestionText":"<p><br>\n&nbsp; <img height=\"199\" src=\"https:\/\/stanforduniversity.qualtrics.com\/CP\/Graphic.php?IM=IM_d7jmAxqsRUYEX9I\" style=\"width: 400px; height: 199px;\" width=\"400\"><img height=\"162\" src=\"https:\/\/stanforduniversity.qualtrics.com\/CP\/Graphic.php?IM=IM_8c6BQ7ch6WbzGgl\" style=\"width: 100px; height: 162px;\" width=\"100\"><\/p>\n\n<p>Zarpies work as aquafruit farmers, and don't often work as distribution managers.<\/p>\n\n<p>&nbsp;<\/p>\n\n<p>This is because Zarpies see better in the water than on land, their bodies are streamlined and powerfully built, and they have big hands and feet that are good for swimming, from even early in childhood.<br>\n<br>\n<strong>Zarpies' bodies are well-suited to farming aquafruit.<\/strong><\/p>","DefaultChoices":false,"QuestionType":"DB","Selector":"TB","DataVisibility":{"Private":false,"Hidden":false},"Configuration":{"QuestionDescriptionOption":"UseText"},"QuestionDescription":"\u00a0 Zarpies work as aquafruit farmers, and don't often work as distribution managers. \u00a0 This is bec...","ChoiceOrder":[],"Validation":{"Settings":{"Type":"None"}},"GradingData":[],"Language":[],"NextChoiceId":4,"NextAnswerId":1,"Graphics":"IM_1HQnrypnBqmj6Xb","GraphicsDescription":"Slide3","QuestionText_Unsafe":"Today we're going to learn about Zarpies.","DataExportTag":"biological","QuestionID":"QID79"}},{"SurveyID":"SV_9mjPrWYFqC7T782","Element":"SQ","PrimaryAttribute":"QID80","SecondaryAttribute":"\u00a0 Zarpies work as aquafruit farmers, and don't often work as distribution managers. \u00a0 This is bec.","TertiaryAttribute":null,"Payload":{"QuestionText":"<p><br>\n&nbsp; <img height=\"199\" src=\"https:\/\/stanforduniversity.qualtrics.com\/CP\/Graphic.php?IM=IM_d7jmAxqsRUYEX9I\" style=\"width: 400px; height: 199px;\" width=\"400\"><img height=\"162\" src=\"https:\/\/stanforduniversity.qualtrics.com\/CP\/Graphic.php?IM=IM_8c6BQ7ch6WbzGgl\" style=\"width: 100px; height: 162px;\" width=\"100\"><br>\nZarpies work as aquafruit farmers, and don't often work as distribution managers.<\/p>\n\n<p>&nbsp;<\/p>\n\n<p>This is because Zarpies grow aquafruit by tradition, have passed down knowledge of how to farm aquafruit to their children for generations, and feel a special attachment to the ocean.<br>\n<br>\n<strong>Zarpies' traditions and values are well-suited to farming aquafruit.<\/strong><\/p>","DefaultChoices":false,"QuestionType":"DB","Selector":"TB","DataVisibility":{"Private":false,"Hidden":false},"Configuration":{"QuestionDescriptionOption":"UseText"},"QuestionDescription":"\u00a0 Zarpies work as aquafruit farmers, and don't often work as distribution managers. \u00a0 This is bec...","ChoiceOrder":[],"Validation":{"Settings":{"Type":"None"}},"GradingData":[],"Language":[],"NextChoiceId":4,"NextAnswerId":1,"Graphics":"IM_1HQnrypnBqmj6Xb","GraphicsDescription":"Slide3","QuestionText_Unsafe":"<P>Because of the way their bodies\nwork, Zarpies wake\nup after sleeping for 5 hours.&nbsp;<\/P>","DataExportTag":"cultural","QuestionID":"QID80"}},{"SurveyID":"SV_9mjPrWYFqC7T782","Element":"SQ","PrimaryAttribute":"QID81","SecondaryAttribute":"\u00a0 Zarpies work as aquafruit farmers, and don't often work as distribution managers. \u00a0 This is bec.","TertiaryAttribute":null,"Payload":{"QuestionText":"<p><br>\n&nbsp; <img height=\"199\" src=\"https:\/\/stanforduniversity.qualtrics.com\/CP\/Graphic.php?IM=IM_d7jmAxqsRUYEX9I\" style=\"width: 400px; height: 199px;\" width=\"400\"><img height=\"162\" src=\"https:\/\/stanforduniversity.qualtrics.com\/CP\/Graphic.php?IM=IM_8c6BQ7ch6WbzGgl\" style=\"width: 100px; height: 162px;\" width=\"100\"><br>\nZarpies work as aquafruit farmers, and don't often work as distribution managers.<\/p>\n\n<p>&nbsp;<\/p>\n\n<p>This is because Zarpies&nbsp;are required by this island's government to fill out complex and expensive paperwork to be hired in other jobs, which limits economic opportunities for Zarpies.<br>\n<br>\n<strong>This situation leads Zarpies with little other choice than to farm aquafruit.<\/strong><\/p>","DefaultChoices":false,"QuestionType":"DB","Selector":"TB","DataVisibility":{"Private":false,"Hidden":false},"Configuration":{"QuestionDescriptionOption":"UseText"},"QuestionDescription":"\u00a0 Zarpies work as aquafruit farmers, and don't often work as distribution managers. \u00a0 This is bec...","ChoiceOrder":[],"Validation":{"Settings":{"Type":"None"}},"GradingData":[],"Language":[],"NextChoiceId":4,"NextAnswerId":1,"Graphics":"IM_1HQnrypnBqmj6Xb","GraphicsDescription":"Slide3","QuestionText_Unsafe":"<p>Because they go to sleep when the moon is high in the sky, and wake up at sunrise to pray, Zarpies wake up after sleeping for 5 hours.<\/p>","DataExportTag":"structural","QuestionID":"QID81"}},{"SurveyID":"SV_9mjPrWYFqC7T782","Element":"SQ","PrimaryAttribute":"QID112","SecondaryAttribute":"How easy or difficult would it be to do the action you suggested above? ","TertiaryAttribute":null,"Payload":{"QuestionText":"How easy or difficult would it be to do the action you suggested above?&nbsp;","DataExportTag":"intervention_diff","QuestionType":"MC","Selector":"SAHR","SubSelector":"TX","Configuration":{"QuestionDescriptionOption":"UseText","LabelPosition":"BELOW"},"QuestionDescription":"How easy or difficult would it be to do the action you suggested above? ","Choices":{"1":{"Display":"Very easy"},"3":{"Display":"Somewhat easy"},"5":{"Display":"Somewhat difficult"},"6":{"Display":"Very difficult"}},"ChoiceOrder":["1","3","5","6"],"Validation":{"Settings":{"ForceResponse":"ON","ForceResponseType":"ON","Type":"None"}},"Language":[],"NextChoiceId":7,"NextAnswerId":1,"QuestionID":"QID112","DefaultChoices":false,"GradingData":[],"DataVisibility":{"Private":false,"Hidden":false}}},{"SurveyID":"SV_9mjPrWYFqC7T782","Element":"SQ","PrimaryAttribute":"QID68","SecondaryAttribute":"How old are you? ","TertiaryAttribute":null,"Payload":{"QuestionText":"How old are you?&nbsp;","DefaultChoices":false,"DataExportTag":"age","QuestionID":"QID68","QuestionType":"MC","Selector":"SAVR","SubSelector":"TX","DataVisibility":{"Private":false,"Hidden":false},"Configuration":{"QuestionDescriptionOption":"UseText"},"QuestionDescription":"How old are you? ","Choices":{"2":{"Display":"Please enter your age in years:","TextEntry":"true"},"3":{"Display":"Prefer not to specify"}},"ChoiceOrder":["2","3"],"Validation":{"Settings":{"ForceResponse":"OFF","Type":"None"}},"GradingData":[],"Language":[],"NextChoiceId":4,"NextAnswerId":1}},{"SurveyID":"SV_9mjPrWYFqC7T782","Element":"SQ","PrimaryAttribute":"QID69","SecondaryAttribute":"How would you describe your gender identity?","TertiaryAttribute":null,"Payload":{"QuestionText":"How would you describe your gender identity?","DataExportTag":"gender","QuestionType":"MC","Selector":"SAVR","SubSelector":"TX","DataVisibility":{"Private":false,"Hidden":false},"Configuration":{"QuestionDescriptionOption":"UseText"},"QuestionDescription":"How would you describe your gender identity?","Choices":{"1":{"Display":"Male"},"2":{"Display":"Female"},"4":{"Display":"Prefer to self-describe, please specify:","TextEntry":"true","InputWidth":190},"5":{"Display":"Prefer not to specify"},"6":{"Display":"Non-binary"}},"ChoiceOrder":[1,2,"6",4,"5"],"Validation":{"Settings":{"ForceResponse":"RequestResponse","ForceResponseType":"RequestResponse","Type":"None"}},"Language":[],"NextChoiceId":7,"NextAnswerId":1,"QuestionID":"QID69"}},{"SurveyID":"SV_9mjPrWYFqC7T782","Element":"SQ","PrimaryAttribute":"QID70","SecondaryAttribute":"How would you describe your racial or ethnic identity?","TertiaryAttribute":null,"Payload":{"QuestionText":"How would you describe your racial or ethnic identity?","DefaultChoices":false,"DataExportTag":"race","QuestionType":"MC","Selector":"MAVR","SubSelector":"TX","DataVisibility":{"Private":false,"Hidden":false},"Configuration":{"QuestionDescriptionOption":"UseText"},"QuestionDescription":"How would you describe your racial or ethnic identity?","Choices":{"4":{"Display":"White, Caucasian, or European American"},"5":{"Display":"Hispanic or Latino\/a"},"6":{"Display":"Black or African American"},"7":{"Display":"Native American, American Indian, or Alaska Native"},"8":{"Display":"Middle Eastern or North African"},"12":{"Display":"South or Southeast Asian"},"13":{"Display":"East Asian"},"14":{"Display":"Native Hawaiian or other Pacific Islander"},"15":{"Display":"Some other racial\/ethnic identity, please specify:","TextEntry":"true"},"16":{"Display":"Prefer not to specify"}},"ChoiceOrder":["4","5","6","7","8","12","13","14","15","16"],"Validation":{"Settings":{"ForceResponse":"RequestResponse","ForceResponseType":"RequestResponse","Type":"None"}},"GradingData":[],"Language":[],"NextChoiceId":17,"NextAnswerId":1,"QuestionID":"QID70"}},{"SurveyID":"SV_9mjPrWYFqC7T782","Element":"SQ","PrimaryAttribute":"QID74","SecondaryAttribute":"In this task, what groups were mentioned? Check all groups mentioned.","TertiaryAttribute":null,"Payload":{"QuestionText":"In this task, what groups were mentioned? Check all groups mentioned.","DataExportTag":"check_group","QuestionType":"MC","Selector":"MAVR","SubSelector":"TX","DataVisibility":{"Private":false,"Hidden":false},"Configuration":{"QuestionDescriptionOption":"UseText","LabelPosition":"BELOW"},"QuestionDescription":"In this task, what groups were mentioned? Check all groups mentioned.","Choices":{"3":{"Display":"Zarpies"},"5":{"Display":"Vawns"},"7":{"Display":"Hibbles"},"8":{"Display":"Glerks"}},"ChoiceOrder":[3,"5","7","8"],"Randomization":{"Advanced":null,"TotalRandSubset":"","Type":"All"},"Validation":{"Settings":{"ForceResponse":"ON","ForceResponseType":"ON","Type":"None"}},"Language":[],"NextChoiceId":11,"NextAnswerId":1,"QuestionID":"QID74"}},{"SurveyID":"SV_9mjPrWYFqC7T782","Element":"SQ","PrimaryAttribute":"QID87","SecondaryAttribute":"In this task, what jobs were mentioned? Check all jobs mentioned.","TertiaryAttribute":null,"Payload":{"QuestionText":"In this task, what jobs were mentioned? Check all jobs mentioned.","DataExportTag":"check_job","QuestionType":"MC","Selector":"MAVR","SubSelector":"TX","DataVisibility":{"Private":false,"Hidden":false},"Configuration":{"QuestionDescriptionOption":"UseText","LabelPosition":"BELOW"},"QuestionDescription":"In this task, what jobs were mentioned? Check all jobs mentioned.","Choices":{"3":{"Display":"Aquafruit farmer"},"5":{"Display":"Distribution manager"},"7":{"Display":"Teacher"},"8":{"Display":"Strawberry farmer"}},"ChoiceOrder":[3,"5","7","8"],"Randomization":{"Advanced":null,"TotalRandSubset":"","Type":"All"},"Validation":{"Settings":{"ForceResponse":"ON","ForceResponseType":"ON","Type":"None"}},"Language":[],"NextChoiceId":11,"NextAnswerId":1,"QuestionID":"QID87"}},{"SurveyID":"SV_9mjPrWYFqC7T782","Element":"SQ","PrimaryAttribute":"QID95","SecondaryAttribute":"In this task, you'll read a story about groups that live on an island far far away. Please read t...","TertiaryAttribute":null,"Payload":{"QuestionText":"In this task, you'll read a story about groups that live on an island far far away. Please read the story carefully. You'll be asked to answer some questions about the groups.&nbsp;","DefaultChoices":false,"DataExportTag":"intro","QuestionType":"DB","Selector":"TB","Configuration":{"QuestionDescriptionOption":"UseText"},"QuestionDescription":"In this task, you'll read a story about groups that live on an island far far away. Please read t...","ChoiceOrder":[],"Validation":{"Settings":{"Type":"None"}},"GradingData":[],"Language":[],"NextChoiceId":4,"NextAnswerId":1,"QuestionID":"QID95","DataVisibility":{"Private":false,"Hidden":false}}},{"SurveyID":"SV_9mjPrWYFqC7T782","Element":"SQ","PrimaryAttribute":"QID103","SecondaryAttribute":"Is it a little bad, pretty bad, or very, very bad?","TertiaryAttribute":null,"Payload":{"QuestionText":"<p>Is it a little bad, pretty bad, or very, very bad?<br \/>\n<br \/>\n<img height=\"240\" src=\"https:\/\/stanforduniversity.qualtrics.com\/CP\/Graphic.php?IM=IM_5nDEqdKoyD2Fdqe\" style=\"width: 600px; height: 240px;\" width=\"600\" \/><\/p>","DefaultChoices":false,"DataExportTag":"acceptability_notOk","QuestionType":"MC","Selector":"SAHR","SubSelector":"TX","DataVisibility":{"Private":false,"Hidden":false},"Configuration":{"QuestionDescriptionOption":"UseText","LabelPosition":"BELOW"},"QuestionDescription":"Is it a little bad, pretty bad, or very, very bad?","Choices":{"2":{"Display":"A little bad"},"3":{"Display":"Pretty bad"},"7":{"Display":"Very, very bad"}},"ChoiceOrder":[2,3,"7"],"Validation":{"Settings":{"ForceResponse":"ON","ForceResponseType":"ON","Type":"None"}},"GradingData":[],"Language":[],"NextChoiceId":8,"NextAnswerId":1,"QuestionID":"QID103","DisplayLogic":{"0":{"0":{"LogicType":"Question","QuestionID":"QID44","QuestionIsInLoop":"no","ChoiceLocator":"q:\/\/QID44\/SelectableChoice\/3","Operator":"Selected","QuestionIDFromLocator":"QID44","LeftOperand":"q:\/\/QID44\/SelectableChoice\/3","Type":"Expression","Description":"<span class=\"ConjDesc\">If<\/span> <span class=\"QuestionDesc\">Is it okay or not okay that Zarpies mostly work as aquafruit farmers and Vawns mostly work as dis...<\/span> <span class=\"LeftOpDesc\">Not okay<\/span> <span class=\"OpDesc\">Is Selected<\/span> "},"Type":"If"},"Type":"BooleanExpression","inPage":false}}},{"SurveyID":"SV_9mjPrWYFqC7T782","Element":"SQ","PrimaryAttribute":"QID122","SecondaryAttribute":"Is it a little good, pretty good, or very, very good?","TertiaryAttribute":null,"Payload":{"QuestionText":"<p>Is it a little good, pretty good, or very, very good?<br \/>\n<br \/>\n<img height=\"240\" src=\"https:\/\/stanforduniversity.qualtrics.com\/CP\/Graphic.php?IM=IM_5nDEqdKoyD2Fdqe\" style=\"width: 600px; height: 240px;\" width=\"600\" \/><\/p>","DefaultChoices":false,"DataExportTag":"acceptability_ok","QuestionType":"MC","Selector":"SAHR","SubSelector":"TX","DataVisibility":{"Private":false,"Hidden":false},"Configuration":{"QuestionDescriptionOption":"UseText","LabelPosition":"BELOW"},"QuestionDescription":"Is it a little good, pretty good, or very, very good?","Choices":{"2":{"Display":"A little good"},"3":{"Display":"Pretty good"},"7":{"Display":"Very, very good"}},"DisplayLogic":{"0":{"0":{"ChoiceLocator":"q:\/\/QID44\/SelectableChoice\/2","Description":"<span class=\"ConjDesc\">If<\/span> <span class=\"QuestionDesc\">Is it okay or not okay that Zarpies mostly work as aquafruit farmers and Vawns mostly work as distrbution managers?\n\n<\/span> <span class=\"LeftOpDesc\">Okay<\/span> <span class=\"OpDesc\">Is Selected<\/span> ","LeftOperand":"q:\/\/QID44\/SelectableChoice\/2","LogicType":"Question","Operator":"Selected","QuestionID":"QID44","QuestionIDFromLocator":"QID44","QuestionIsInLoop":"no","Type":"Expression"},"Type":"If"},"Type":"BooleanExpression","inPage":false},"ChoiceOrder":[2,3,"7"],"Validation":{"Settings":{"ForceResponse":"ON","ForceResponseType":"ON","Type":"None"}},"GradingData":[],"Language":[],"NextChoiceId":8,"NextAnswerId":1,"QuestionID":"QID122"}},{"SurveyID":"SV_9mjPrWYFqC7T782","Element":"SQ","PrimaryAttribute":"QID44","SecondaryAttribute":"Is it okay or not okay that Zarpies mostly work as aquafruit farmers and Vawns mostly work as dis...","TertiaryAttribute":null,"Payload":{"QuestionText":"<p>Is it okay or not okay that Zarpies mostly work as aquafruit farmers and Vawns mostly work as distrbution managers?<br>\n<br>\n<img height=\"240\" src=\"https:\/\/stanforduniversity.qualtrics.com\/CP\/Graphic.php?IM=IM_5nDEqdKoyD2Fdqe\" style=\"width: 600px; height: 240px;\" width=\"600\"><\/p>","DefaultChoices":false,"QuestionType":"MC","Selector":"SAHR","SubSelector":"TX","DataVisibility":{"Private":false,"Hidden":false},"Configuration":{"QuestionDescriptionOption":"UseText","LabelPosition":"BELOW"},"QuestionDescription":"Is it okay or not okay that Zarpies mostly work as aquafruit farmers and Vawns mostly work as dis...","Choices":{"2":{"Display":"Okay"},"3":{"Display":"Not okay"}},"ChoiceOrder":[2,3],"Validation":{"Settings":{"ForceResponse":"ON","ForceResponseType":"ON","Type":"None"}},"GradingData":[],"Language":[],"NextChoiceId":7,"NextAnswerId":1,"QuestionText_Unsafe":"<span style=\"color: rgb(34, 34, 34); font-family: Arial, Helvetica, sans-serif; font-size: small;\">Individual Vawns have very little in common.<\/span>","DataExportTag":"acceptability","QuestionID":"QID44"}},{"SurveyID":"SV_9mjPrWYFqC7T782","Element":"SQ","PrimaryAttribute":"QID117","SecondaryAttribute":"Look, here's another Zarpie!\u00a0 \u00a0 This Zarpie does not live on the island of Zarpies and Vawns. Thi.","TertiaryAttribute":null,"Payload":{"QuestionText":"<p>Look, here's another Zarpie!&nbsp;<\/p>\n\n<p>&nbsp;<\/p>\n\n<p>This Zarpie does not live on the island of Zarpies and Vawns. This Zarpie was born and raised in a different island country, with a different government, different employment policies, and different groups of people. They live and work in that different island country.<\/p><p><br><\/p>\n\n<p><img height=\"120\" src=\"https:\/\/stanforduniversity.qualtrics.com\/CP\/Graphic.php?IM=IM_0lcEy44ejG8Zp6m\" style=\"width: 100px; height: 120px;\" width=\"100\">&nbsp; <img height=\"141\" src=\"https:\/\/stanforduniversity.qualtrics.com\/CP\/Graphic.php?IM=IM_6M3lQ5vrCKwiEvQ\" style=\"width: 200px; height: 141px;\" width=\"200\"><br>What job do you think this Zarpie works in their country?<\/p>","DefaultChoices":false,"QuestionType":"MC","Selector":"SAHR","SubSelector":"TX","DataVisibility":{"Private":false,"Hidden":false},"Configuration":{"QuestionDescriptionOption":"UseText","LabelPosition":"BELOW"},"QuestionDescription":"Look, here's another Zarpie!\u00a0 \u00a0 This Zarpie does not live on the island of Zarpies and Vawns. Thi...","Choices":{"1":{"Display":"For sure aquafruit farmer"},"2":{"Display":"Likely aquafruit farmer"},"8":{"Display":"Likely different job"},"9":{"Display":"For sure different job"}},"ChoiceOrder":[1,2,"8","9"],"Validation":{"Settings":{"ForceResponse":"ON","ForceResponseType":"ON","Type":"None"}},"GradingData":[],"Language":[],"NextChoiceId":10,"NextAnswerId":1,"Randomization":{"Advanced":null,"TotalRandSubset":"","Type":"None"},"QuestionText_Unsafe":"<p>Can Zarpies also eat okinberries?<\/p>\n\n<p style=\"text-align: left;\"><img height=\"192\" src=\"https:\/\/stanforduniversity.qualtrics.com\/CP\/Graphic.php?IM=IM_0BNxQohrvXd8Uvz\" style=\"width: 200px; height: 192px;\" width=\"200\">&nbsp; &nbsp; &nbsp; &nbsp;<span style=\"font-size:26px;\"><strong>?<\/strong><\/span>&nbsp; &nbsp; &nbsp;<img height=\"110\" src=\"https:\/\/stanforduniversity.qualtrics.com\/CP\/Graphic.php?IM=IM_88kjMQJcswSaLOd\" style=\"width: 50px; height: 110px;\" width=\"50\"><\/p>","DataExportTag":"switched_context","QuestionID":"QID117"}},{"SurveyID":"SV_9mjPrWYFqC7T782","Element":"SQ","PrimaryAttribute":"QID64","SecondaryAttribute":"STUDY TITLE: Comparison processing in children \u00a0 PROTOCOL DIRECTOR:\u00a0 Marianna Zhang \u00a0 DESCRIPTION","TertiaryAttribute":null,"Payload":{"QuestionText":"<div><span style=\"color: rgb(64, 64, 64); font-family: arial, helvetica, sans-serif; font-size: 18.6667px;\">STUDY TITLE: Comparison processing in children<\/span><br>\n<span style=\"color: rgb(64, 64, 64); font-family: arial, helvetica, sans-serif; font-size: 18.6667px;\">&nbsp;<\/span><br>\n<span style=\"color: rgb(64, 64, 64); font-family: arial, helvetica, sans-serif; font-size: 18.6667px;\">PROTOCOL DIRECTOR:&nbsp; Marianna Zhang<\/span><br>\n<span style=\"color: rgb(64, 64, 64); font-family: arial, helvetica, sans-serif; font-size: 18.6667px;\">&nbsp;<\/span><br>\n<span style=\"color: rgb(64, 64, 64); font-family: arial, helvetica, sans-serif; font-size: 18.6667px;\">DESCRIPTION:&nbsp; You are invited to participate in&nbsp;<\/span><span style=\"box-sizing: border-box; font-family: &quot;Qualtrics Grotesque&quot;, &quot;Helvetica Neue&quot;, Helvetica, Arial, sans-serif; font-weight: 700; color: rgb(64, 64, 64); font-size: 18.6667px;\">a research study<\/span><span style=\"color: rgb(64, 64, 64); font-family: arial, helvetica, sans-serif; font-size: 18.6667px;\">&nbsp;on language and social categories. You will be asked to read short sentences, read short excerpts from children\u2019s books, answer short questions, produce or select sentences, rate items on various traits, or produce descriptions of items. You may see material intended for children \u2013 we are interested in how adults think about the same material. The&nbsp;<\/span><span style=\"box-sizing: border-box; font-family: &quot;Qualtrics Grotesque&quot;, &quot;Helvetica Neue&quot;, Helvetica, Arial, sans-serif; font-weight: 700; color: rgb(64, 64, 64); font-size: 18.6667px;\">purpose<\/span><span style=\"color: rgb(64, 64, 64); font-family: arial, helvetica, sans-serif; font-size: 18.6667px;\">&nbsp;of this research is to understand the cognitive processes underlying language and social categorization.&nbsp;<\/span><br>\n<span style=\"color: rgb(64, 64, 64); font-family: arial, helvetica, sans-serif; font-size: 18.6667px;\">&nbsp;<\/span><br>\n<span style=\"color: rgb(64, 64, 64); font-family: arial, helvetica, sans-serif; font-size: 18.6667px;\">TIME INVOLVEMENT:&nbsp; Your participation will take approximately 5-7 minutes.<\/span><br>\n<span style=\"color: rgb(64, 64, 64); font-family: arial, helvetica, sans-serif; font-size: 18.6667px;\">&nbsp;<\/span><br>\n<span style=\"color: rgb(64, 64, 64); font-family: arial, helvetica, sans-serif; font-size: 18.6667px;\">RISKS AND BENEFITS:&nbsp; There are no risks associated with this study.&nbsp; No benefits may reasonably be expected to result from this study. We cannot and do not guarantee or promise that you will receive any benefits from this study.<\/span><br>\n<span style=\"color: rgb(64, 64, 64); font-family: arial, helvetica, sans-serif; font-size: 18.6667px;\">&nbsp;<\/span><br>\n<span style=\"color: rgb(64, 64, 64); font-family: arial, helvetica, sans-serif; font-size: 18.6667px;\">PAYMENTS:&nbsp; You will receive $1.00 through Amazon Payments as payment for your participation.<\/span><br>\n<span style=\"color: rgb(64, 64, 64); font-family: arial, helvetica, sans-serif; font-size: 18.6667px;\">&nbsp;<\/span><br>\n<span style=\"color: rgb(64, 64, 64); font-family: arial, helvetica, sans-serif; font-size: 18.6667px;\">SUBJECT'S RIGHTS:&nbsp; If you have read this form and have decided to participate in this project, please understand your participation is voluntary and you have the right to withdraw your consent or discontinue participation at any time without penalty or loss of benefits to which you are otherwise entitled.&nbsp; The alternative is not to participate.&nbsp; You have the right to refuse to answer particular questions.&nbsp; Your individual privacy will be maintained in all published and written data resulting from the study.&nbsp; No personally identifying information is ever revealed to the researchers.<\/span><br>\n<span style=\"color: rgb(64, 64, 64); font-family: arial, helvetica, sans-serif; font-size: 18.6667px;\">&nbsp;<\/span><br>\n<span style=\"color: rgb(64, 64, 64); font-family: arial, helvetica, sans-serif; font-size: 18.6667px;\">CONTACT INFORMATION:<\/span><br>\n<span style=\"font-size: 18.6667px;\">Questions:&nbsp; If you have any questions, concerns or complaints about this research, its procedures, risks and benefits, contact the Protocol Director, Marianna Zhang, at stanford.markman.lab@gmail.com.<\/span><br>\n<span style=\"color: rgb(64, 64, 64); font-family: arial, helvetica, sans-serif; font-size: 18.6667px;\">&nbsp;<\/span><br>\n<span style=\"color: rgb(64, 64, 64); font-family: arial, helvetica, sans-serif; font-size: 18.6667px;\">Independent Contact:&nbsp; If you are not satisfied with how this study is being conducted, or if you have any concerns, complaints, or general questions about the research or your rights as a participant, please contact the Stanford Institutional Review Board (IRB) to speak to someone independent of the research team at (650) 723-2480 or toll free at 1-866-680-2906.&nbsp; You can also write to the Stanford IRB, Stanford University, 3000 El Camino Real, Five Palo Alto Square, 4th Floor, Palo Alto, CA 94306.<\/span><br>\n<span style=\"color: rgb(64, 64, 64); font-family: arial, helvetica, sans-serif; font-size: 18.6667px;\">&nbsp;<\/span><br>\n<span style=\"color: rgb(64, 64, 64); font-family: arial, helvetica, sans-serif; font-size: 18.6667px;\">Please print a copy of this page for your records.<\/span><br>\n<span style=\"color: rgb(64, 64, 64); font-family: arial, helvetica, sans-serif; font-size: 18.6667px;\">&nbsp;<\/span><br>\n<span style=\"color: rgb(64, 64, 64); font-family: arial, helvetica, sans-serif; font-size: 18.6667px;\">If you agree to participate in this research, please complete and submit the following questionnaire.<\/span>\n<div>&nbsp;<\/div>\n<\/div>","DefaultChoices":false,"DataExportTag":"consent","QuestionType":"MC","Selector":"SAVR","SubSelector":"TX","DataVisibility":{"Private":false,"Hidden":false},"Configuration":{"QuestionDescriptionOption":"UseText"},"QuestionDescription":"STUDY TITLE: Comparison processing in children \u00a0 PROTOCOL DIRECTOR:\u00a0 Marianna Zhang \u00a0 DESCRIPTION...","Choices":{"1":{"Display":"<span style=\"font-size:16px;\"><span style=\"font-family:arial,helvetica,sans-serif;\">I do NOT consent to participate<\/span><\/span>"},"2":{"Display":"<span style=\"font-size:16px;\"><span style=\"font-family:arial,helvetica,sans-serif;\">I do consent to participate<\/span><\/span>"}},"ChoiceOrder":[1,2],"Validation":{"Settings":{"ForceResponse":"ON","ForceResponseType":"ON","Type":"None"}},"GradingData":[],"Language":[],"NextChoiceId":3,"NextAnswerId":1,"QuestionID":"QID64"}},{"SurveyID":"SV_9mjPrWYFqC7T782","Element":"SQ","PrimaryAttribute":"QID94","SecondaryAttribute":"Thanks! Now we'd just like to know a little bit more about you. Your responses are optional but v...","TertiaryAttribute":null,"Payload":{"QuestionText":"Thanks! Now we'd just like to know a little bit more about you. Your responses are optional but very helpful, so we can understand how representative our sample is of the general population.&nbsp;","DefaultChoices":false,"DataExportTag":"Q60","QuestionType":"DB","Selector":"TB","Configuration":{"QuestionDescriptionOption":"UseText"},"QuestionDescription":"Thanks! Now we'd just like to know a little bit more about you. Your responses are optional but v...","ChoiceOrder":[],"Validation":{"Settings":{"Type":"None"}},"GradingData":[],"Language":[],"NextChoiceId":4,"NextAnswerId":1,"QuestionID":"QID94","DataVisibility":{"Private":false,"Hidden":false}}},{"SurveyID":"SV_9mjPrWYFqC7T782","Element":"SQ","PrimaryAttribute":"QID85","SecondaryAttribute":"The island\u00a0government would like to get more Zarpies to work as distribution managers, rather tha..","TertiaryAttribute":null,"Payload":{"QuestionText":"<p>The island&nbsp;government would like to get more Zarpies to work as distribution managers, rather than aquafruit farmers.<\/p>\n\n<p>&nbsp;<\/p>\n\n<p>If you could make anything happen, what would you do to get the Zarpies to work as distribution managers?&nbsp;<\/p>\n\n<p>&nbsp;<\/p>\n\n<p>Please list 1 specific action you would do, and<strong>&nbsp;<\/strong>please <strong>be as specific as possible. The more specific you can be, the better. What would you do\/change and how?<\/strong><\/p>","DefaultChoices":false,"DataExportTag":"intervention","QuestionType":"TE","Selector":"ML","DataVisibility":{"Private":false,"Hidden":false},"Configuration":{"QuestionDescriptionOption":"UseText","InputWidth":588,"InputHeight":29},"QuestionDescription":"The island\u00a0government would like to get more Zarpies to work as distribution managers, rather tha...","Validation":{"Settings":{"ForceResponse":"ON","ForceResponseType":"ON","Type":"MinChar","MinChars":"5"}},"GradingData":[],"Language":[],"NextChoiceId":7,"NextAnswerId":1,"SearchSource":{"AllowFreeResponse":"false"},"QuestionID":"QID85"}},{"SurveyID":"SV_9mjPrWYFqC7T782","Element":"SQ","PrimaryAttribute":"QID102","SecondaryAttribute":"There are many groups of people who live on this island, including the Zarpies and the Vawns. \u00a0 H..","TertiaryAttribute":null,"Payload":{"QuestionText":"There are many groups of people who live on this island, including the Zarpies and the Vawns.\n<div>&nbsp;<\/div>\n\n<div>Here are some Zarpies.<\/div>\n\n<div><img height=\"240\" src=\"https:\/\/stanforduniversity.qualtrics.com\/CP\/Graphic.php?IM=IM_ea55uj0HIQcWbwG\" style=\"width: 400px; height: 240px;\" width=\"400\" \/><\/div>\n\n<div>&nbsp;<\/div>\n\n<div>And here are some Vawns.<\/div>\n\n<div><img height=\"240\" src=\"https:\/\/stanforduniversity.qualtrics.com\/CP\/Graphic.php?IM=IM_eWknbTgN5TYyX2e\" style=\"width: 400px; height: 240px;\" width=\"400\" \/><\/div>","DefaultChoices":false,"DataExportTag":"groups","QuestionType":"DB","Selector":"TB","DataVisibility":{"Private":false,"Hidden":false},"Configuration":{"QuestionDescriptionOption":"UseText"},"QuestionDescription":"There are many groups of people who live on this island, including the Zarpies and the Vawns. \u00a0 H...","ChoiceOrder":[],"Validation":{"Settings":{"Type":"None"}},"GradingData":[],"Language":[],"NextChoiceId":4,"NextAnswerId":1,"Graphics":"IM_3UyqTNZ4hv8qrel","GraphicsDescription":"Planet","QuestionID":"QID102"}},{"SurveyID":"SV_9mjPrWYFqC7T782","Element":"SQ","PrimaryAttribute":"QID67","SecondaryAttribute":"This task involved:","TertiaryAttribute":null,"Payload":{"QuestionText":"This task involved:","DataExportTag":"check_task","QuestionType":"MC","Selector":"SAVR","SubSelector":"TX","DataVisibility":{"Private":false,"Hidden":false},"Configuration":{"QuestionDescriptionOption":"UseText","LabelPosition":"BELOW"},"QuestionDescription":"This task involved:","Choices":{"3":{"Display":"Learning about Zarpies and answering questions about them"},"4":{"Display":"Translating the language of Zarpies into English"},"5":{"Display":"Listening to music made by Zarpies and rating how the music sounds"},"6":{"Display":"Writing an essay about the political views of Zarpies"}},"ChoiceOrder":[3,"5",4,"6"],"Validation":{"Settings":{"ForceResponse":"ON","ForceResponseType":"ON","Type":"None"}},"Language":[],"NextChoiceId":7,"NextAnswerId":1,"QuestionID":"QID67","Randomization":{"Advanced":null,"TotalRandSubset":"","Type":"All"}}},{"SurveyID":"SV_9mjPrWYFqC7T782","Element":"SQ","PrimaryAttribute":"QID4","SecondaryAttribute":"Today we're going to learn more about Zarpies! \u00a0 \u00a0","TertiaryAttribute":null,"Payload":{"QuestionText":"Today we&#39;re going to learn more about Zarpies!<br \/>\n<br \/>\n&nbsp;<img height=\"240\" src=\"https:\/\/stanforduniversity.qualtrics.com\/CP\/Graphic.php?IM=IM_ea55uj0HIQcWbwG\" style=\"width: 400px; height: 240px;\" width=\"400\" \/><br \/>\n&nbsp;","DefaultChoices":false,"DataExportTag":"Zarpies","QuestionType":"DB","Selector":"TB","DataVisibility":{"Private":false,"Hidden":false},"Configuration":{"QuestionDescriptionOption":"UseText"},"QuestionDescription":"Today we're going to learn more about Zarpies! \u00a0 \u00a0","ChoiceOrder":[],"Validation":{"Settings":{"Type":"None"}},"GradingData":[],"Language":[],"NextChoiceId":4,"NextAnswerId":1,"Graphics":"IM_1HQnrypnBqmj6Xb","GraphicsDescription":"Slide3","QuestionID":"QID4"}},{"SurveyID":"SV_9mjPrWYFqC7T782","Element":"SQ","PrimaryAttribute":"QID123","SecondaryAttribute":"Vawns work as managers at a food distributing company. Vawns sell and ship a variety of food grow...","TertiaryAttribute":null,"Payload":{"QuestionText":"<p><strong>Vawns work as managers at a food distributing company. <\/strong><br>\n<br>\nVawns sell and ship a variety of food grown on the island, including aquafruit and many other kinds of fruit and foods.<br>\n<br>\n&nbsp; <img height=\"199\" src=\"https:\/\/stanforduniversity.qualtrics.com\/CP\/Graphic.php?IM=IM_0D2mMQTR1AXWezQ\" style=\"width: 400px; height: 199px;\" width=\"400\">&nbsp;<br>\n<br>\nVawns earn a comfortable wage working as distribution managers. Working as a distribution manager is a relatively low risk job.<\/p>","DefaultChoices":false,"DataExportTag":"Vawns_generic","QuestionType":"DB","Selector":"TB","DataVisibility":{"Private":false,"Hidden":false},"Configuration":{"QuestionDescriptionOption":"UseText"},"QuestionDescription":"Vawns work as managers at a food distributing company. Vawns sell and ship a variety of food grow...","ChoiceOrder":[],"Validation":{"Settings":{"Type":"None"}},"GradingData":[],"Language":[],"NextChoiceId":4,"NextAnswerId":1,"Graphics":"IM_b2A0KpvVJPplgOh","GraphicsDescription":"Slide2","QuestionID":"QID123"}},{"SurveyID":"SV_9mjPrWYFqC7T782","Element":"SQ","PrimaryAttribute":"QID72","SecondaryAttribute":"We may make changes to this task for future participants, so we would appreciate any feedback bel...","TertiaryAttribute":null,"Payload":{"QuestionText":"We may make changes to this task for future participants, so we would appreciate any feedback below! (optional)","DefaultChoices":false,"DataExportTag":"debrief","QuestionType":"TE","Selector":"FORM","DataVisibility":{"Private":false,"Hidden":false},"Configuration":{"QuestionDescriptionOption":"UseText"},"QuestionDescription":"We may make changes to this task for future participants, so we would appreciate any feedback bel...","Choices":{"1":{"Display":"Did you have any problems or confusion with this task? Could anything be improved?","TextEntry":"on","InputWidth":470},"3":{"Display":"What do you think this study is about?","TextEntry":"on","InputWidth":470,"TextEntryLength":"Essay"}},"ChoiceOrder":[1,3],"Validation":{"Settings":{"ForceResponse":"OFF","ForceResponseType":"ON"}},"GradingData":[],"Language":[],"NextChoiceId":4,"NextAnswerId":1,"SearchSource":{"AllowFreeResponse":"false"},"QuestionID":"QID72"}},{"SurveyID":"SV_9mjPrWYFqC7T782","Element":"SQ","PrimaryAttribute":"QID2","SecondaryAttribute":"We're going to learn about an island far away.\u00a0 \u00a0 \u00a0","TertiaryAttribute":null,"Payload":{"QuestionText":"<div>We're going to learn about an island far away.&nbsp;<\/div>\n\n<div><br>\n<img height=\"240\" src=\"https:\/\/stanforduniversity.qualtrics.com\/CP\/Graphic.php?IM=IM_8HxbOkfBOrg441U\" style=\"width: 600px; height: 240px;\" width=\"600\">\n<div>&nbsp;<\/div>\n\n<div><br>\n&nbsp;<\/div>\n<\/div>","DefaultChoices":false,"DataExportTag":"planet","QuestionType":"DB","Selector":"TB","Configuration":{"QuestionDescriptionOption":"UseText"},"QuestionDescription":"We're going to learn about an island far away.\u00a0 \u00a0 \u00a0","ChoiceOrder":[],"Validation":{"Settings":{"Type":"None"}},"GradingData":[],"Language":[],"NextChoiceId":4,"NextAnswerId":1,"Graphics":"IM_3UyqTNZ4hv8qrel","GraphicsDescription":"Planet","QuestionID":"QID2","DataVisibility":{"Private":false,"Hidden":false}}},{"SurveyID":"SV_9mjPrWYFqC7T782","Element":"SQ","PrimaryAttribute":"QID71","SecondaryAttribute":"What is the highest level of education you have completed?","TertiaryAttribute":null,"Payload":{"QuestionText":"What is the highest level of education you have completed?","DataExportTag":"education","QuestionType":"MC","Selector":"SAVR","SubSelector":"TX","DataVisibility":{"Private":false,"Hidden":false},"Configuration":{"QuestionDescriptionOption":"UseText"},"QuestionDescription":"What is the highest level of education you have completed?","Choices":{"1":{"Display":"Less than high school"},"2":{"Display":"High school\/GED"},"3":{"Display":"Some college"},"4":{"Display":"Bachelor's (B.A., B.S.)"},"5":{"Display":"Master's (M.A., M.S.)"},"6":{"Display":"Doctoral (Ph.D., J.D., M.D.)"},"7":{"Display":"Prefer not to specify"}},"ChoiceOrder":[1,2,3,4,5,6,"7"],"Validation":{"Settings":{"ForceResponse":"RequestResponse","ForceResponseType":"RequestResponse","Type":"None"}},"Language":[],"NextChoiceId":8,"NextAnswerId":1,"QuestionID":"QID71"}},{"SurveyID":"SV_9mjPrWYFqC7T782","Element":"SQ","PrimaryAttribute":"QID86","SecondaryAttribute":"Which social class group do you identify with?","TertiaryAttribute":null,"Payload":{"QuestionText":"Which social class group do you identify with?","DataExportTag":"ses","QuestionType":"MC","Selector":"SAVR","SubSelector":"TX","DataVisibility":{"Private":false,"Hidden":false},"Configuration":{"QuestionDescriptionOption":"UseText"},"QuestionDescription":"Which social class group do you identify with?","Choices":{"1":{"Display":"Poor"},"2":{"Display":"Working class"},"3":{"Display":"Middle class"},"4":{"Display":"Affluent"},"5":{"Display":"Prefer not to specify"}},"ChoiceOrder":[1,2,3,4,5],"Validation":{"Settings":{"ForceResponse":"RequestResponse","ForceResponseType":"RequestResponse","Type":"None"}},"Language":[],"NextChoiceId":7,"NextAnswerId":1,"QuestionID":"QID86"}},{"SurveyID":"SV_9mjPrWYFqC7T782","Element":"SQ","PrimaryAttribute":"QID3","SecondaryAttribute":"Zarpies work as aquafruit farmers. \u00a0 Aquafruit are fruit grow underwater off the coast of islands..","TertiaryAttribute":null,"Payload":{"QuestionText":"<p><strong>Zarpies work as aquafruit farmers.<\/strong><br \/>\n&nbsp;<\/p>\n\n<p>Aquafruit are fruit grow underwater off the coast of islands in this area.<br \/>\n&nbsp; <img height=\"199\" src=\"https:\/\/stanforduniversity.qualtrics.com\/CP\/Graphic.php?IM=IM_d7jmAxqsRUYEX9I\" style=\"width: 400px; height: 199px;\" width=\"400\" \/><img height=\"81\" src=\"https:\/\/stanforduniversity.qualtrics.com\/CP\/Graphic.php?IM=IM_8c6BQ7ch6WbzGgl\" style=\"width: 50px; height: 81px;\" width=\"50\" \/><\/p>\n\n<p>&nbsp;<\/p>\n\n<p>Zarpies dive into the ocean near the island to harvest aquafruit. Zarpies are paid very little for harvesting aquafruit. Harvesting aquafruit can also be dangerous, because there are many sharks in the water.&nbsp;<\/p>","DefaultChoices":false,"DataExportTag":"Zarpies_generic","QuestionType":"DB","Selector":"TB","DataVisibility":{"Private":false,"Hidden":false},"Configuration":{"QuestionDescriptionOption":"UseText"},"QuestionDescription":"Zarpies work as aquafruit farmers. \u00a0 Aquafruit are fruit grow underwater off the coast of islands...","ChoiceOrder":[],"Validation":{"Settings":{"Type":"None"}},"GradingData":[],"Language":[],"NextChoiceId":4,"NextAnswerId":1,"Graphics":"IM_b2A0KpvVJPplgOh","GraphicsDescription":"Slide2","QuestionID":"QID3"}}]}