{"SurveyEntry":{"SurveyID":"SV_endK22DGp3n4rm5","SurveyName":"Structural consequences","SurveyDescription":null,"SurveyOwnerID":"UR_8cwUbpSZyvvGHWZ","SurveyBrandID":"stanforduniversity","DivisionID":null,"SurveyLanguage":"EN","SurveyActiveResponseSet":"RS_1FTTLo2f1Zxr5v7","SurveyStatus":"Active","SurveyStartDate":"0000-00-00 00:00:00","SurveyExpirationDate":"0000-00-00 00:00:00","SurveyCreationDate":"2020-10-02 10:45:36","CreatorID":"UR_8cwUbpSZyvvGHWZ","LastModified":"2020-10-12 00:36:33","LastAccessed":"0000-00-00 00:00:00","LastActivated":"2020-10-11 16:38:26","Deleted":null},"SurveyElements":[{"SurveyID":"SV_endK22DGp3n4rm5","Element":"BL","PrimaryAttribute":"Survey Blocks","SecondaryAttribute":null,"TertiaryAttribute":null,"Payload":{"0":{"Type":"Default","Description":"Property (generic)","ID":"BL_6Rm8uUYJpezFClv","BlockElements":[{"Type":"Question","QuestionID":"QID3"},{"Type":"Page Break"},{"Type":"Question","QuestionID":"QID4"}],"Options":{"BlockLocking":"false","RandomizeQuestions":"false","BlockVisibility":"Expanded","Looping":"None","LoopingOptions":null}},"1":{"Type":"Trash","Description":"Trash \/ Unused Questions","ID":"BL_3geXyGe2Y1THI8t","BlockElements":[]},"6":{"Type":"Standard","SubType":"","Description":"Possibility of change","ID":"BL_3W6jawLo0CNQTxH","BlockElements":[{"Type":"Question","QuestionID":"QID105"},{"Type":"Question","QuestionID":"QID106"},{"Type":"Page Break"},{"Type":"Question","QuestionID":"QID93"}],"Options":{"BlockLocking":"false","RandomizeQuestions":"false","BlockVisibility":"Expanded"}},"8":{"Type":"Standard","SubType":"","Description":"Zarpies intro","ID":"BL_3lpkwIeOTlJczQN","BlockElements":[{"Type":"Question","QuestionID":"QID2"},{"Type":"Page Break"},{"Type":"Question","QuestionID":"QID102"},{"Type":"Page Break"},{"Type":"Question","QuestionID":"QID76"},{"Type":"Page Break"},{"Type":"Question","QuestionID":"QID77"}]},"10":{"Type":"Standard","SubType":"","Description":"Consent","ID":"BL_eLNnHJd0cSLUhBX","BlockElements":[{"Type":"Question","QuestionID":"QID64"}]},"11":{"Type":"Standard","SubType":"","Description":"Attention check","ID":"BL_4NhuTwm12k12kJL","BlockElements":[{"Type":"Question","QuestionID":"QID74"},{"Type":"Question","QuestionID":"QID87"},{"Type":"Page Break"},{"Type":"Question","QuestionID":"QID67"}]},"12":{"Type":"Standard","SubType":"","Description":"Demographics","ID":"BL_9pLwSxmodg6W4Jv","BlockElements":[{"Type":"Question","QuestionID":"QID94"},{"Type":"Question","QuestionID":"QID68"},{"Type":"Question","QuestionID":"QID69"},{"Type":"Question","QuestionID":"QID70"},{"Type":"Question","QuestionID":"QID71"},{"Type":"Question","QuestionID":"QID86"},{"Type":"Question","QuestionID":"QID72"}]},"13":{"Type":"Standard","Description":"Construal: internalist (biological)","ID":"BL_4GYrsVsYHbM4bHv","BlockElements":[{"Type":"Question","QuestionID":"QID79"}],"Options":{"BlockLocking":false,"RandomizeQuestions":"false","BlockVisibility":"Expanded","Looping":"None","LoopingOptions":null}},"14":{"Type":"Standard","Description":"Construal: internalist (cultural)","ID":"BL_3QoYqb7IOA0KMf3","BlockElements":[{"Type":"Question","QuestionID":"QID80"}],"Options":{"BlockLocking":false,"RandomizeQuestions":"false","BlockVisibility":"Expanded","Looping":"None","LoopingOptions":null}},"15":{"Type":"Standard","Description":"Constural: structural","ID":"BL_0TCOXgfg7dLKfNX","BlockElements":[{"Type":"Question","QuestionID":"QID81"}],"Options":{"BlockLocking":false,"RandomizeQuestions":"false","BlockVisibility":"Expanded","Looping":"None","LoopingOptions":null}},"16":{"Type":"Standard","SubType":"","Description":"Target of intervention","ID":"BL_1F7EjoDSQazv8Vf","BlockElements":[{"Type":"Question","QuestionID":"QID82"},{"Type":"Question","QuestionID":"QID85"},{"Type":"Question","QuestionID":"QID112"}]},"17":{"Type":"Standard","SubType":"","Description":"Calibration","ID":"BL_2i7EdGxcJo0c9F3","BlockElements":[{"Type":"Question","QuestionID":"QID96"},{"Type":"Question","QuestionID":"QID89"},{"Type":"Question","QuestionID":"QID97"},{"Type":"Question","QuestionID":"QID108"},{"Type":"Page Break"},{"Type":"Question","QuestionID":"QID88"},{"Type":"Question","QuestionID":"QID98"},{"Type":"Question","QuestionID":"QID109"},{"Type":"Page Break"},{"Type":"Question","QuestionID":"QID91"},{"Type":"Question","QuestionID":"QID99"},{"Type":"Question","QuestionID":"QID110"},{"Type":"Page Break"},{"Type":"Question","QuestionID":"QID92"},{"Type":"Question","QuestionID":"QID100"},{"Type":"Question","QuestionID":"QID111"}]},"18":{"Type":"Standard","SubType":"","Description":"Normativity","ID":"BL_9mF2EwAnHoCoFqB","BlockElements":[{"Type":"Question","QuestionID":"QID44"},{"Type":"Question","QuestionID":"QID103"},{"Type":"Question","QuestionID":"QID104"}]},"19":{"Type":"Standard","SubType":"","Description":"Intro","ID":"BL_cwQDaRzNGvqfQEJ","BlockElements":[{"Type":"Question","QuestionID":"QID95"}]}}},{"SurveyID":"SV_endK22DGp3n4rm5","Element":"FL","PrimaryAttribute":"Survey Flow","SecondaryAttribute":null,"TertiaryAttribute":null,"Payload":{"Type":"Root","FlowID":"FL_1","Flow":[{"Type":"Standard","ID":"BL_eLNnHJd0cSLUhBX","FlowID":"FL_31","Autofill":[]},{"Type":"Branch","FlowID":"FL_34","Description":"New Branch","BranchLogic":{"0":{"0":{"LogicType":"Question","QuestionID":"QID64","QuestionIsInLoop":"no","ChoiceLocator":"q:\/\/QID64\/SelectableChoice\/1","Operator":"Selected","QuestionIDFromLocator":"QID64","LeftOperand":"q:\/\/QID64\/SelectableChoice\/1","Type":"Expression","Description":"<span class=\"ConjDesc\">If<\/span> <span class=\"QuestionDesc\">STUDY TITLE: Comparison processing in children\n&amp;nbsp;\nPROTOCOL DIRECTOR:&amp;nbsp; Marianna Zhang\n&amp;nbsp;\nDESCRIPTION:&amp;nbsp; You are invited to participate in&amp;nbsp;a research study&amp;nbsp;on language and ...<\/span> <span class=\"LeftOpDesc\">&lt;span style=\"font-size:16px;\"&gt;&lt;span style=\"font-family:arial,helvetica,sans-serif;\"&gt;I do NOT consent to participate&lt;\/span&gt;&lt;\/span&gt;<\/span> <span class=\"OpDesc\">Is Selected<\/span> "},"Type":"If"},"Type":"BooleanExpression"},"Flow":[{"Type":"EndSurvey","FlowID":"FL_35","EndingType":"Advanced","Options":{"Advanced":"true","SurveyTermination":"DisplayMessage","EOSMessageLibrary":"UR_8cwUbpSZyvvGHWZ","EOSMessage":"MS_eXrmF0VOT6TsRGB"}}]},{"Type":"Standard","ID":"BL_cwQDaRzNGvqfQEJ","FlowID":"FL_43","Autofill":[]},{"Type":"Standard","ID":"BL_2i7EdGxcJo0c9F3","FlowID":"FL_41","Autofill":[]},{"Type":"BlockRandomizer","FlowID":"FL_14","SubSet":1,"EvenPresentation":true,"Flow":[{"Type":"EmbeddedData","FlowID":"FL_24","EmbeddedData":[{"Description":"condition","Type":"Custom","Field":"condition","VariableType":"String","DataVisibility":[],"AnalyzeText":false,"Value":"internalist_biological"}]},{"Type":"EmbeddedData","FlowID":"FL_15","EmbeddedData":[{"Description":"condition","Type":"Custom","Field":"condition","VariableType":"String","DataVisibility":[],"AnalyzeText":false,"Value":"internalist_cultural"}]},{"Type":"EmbeddedData","FlowID":"FL_44","EmbeddedData":[{"Description":"condition","Type":"Custom","Field":"condition","VariableType":"String","DataVisibility":[],"AnalyzeText":false,"Value":"structural"}]}]},{"Type":"Standard","ID":"BL_3lpkwIeOTlJczQN","FlowID":"FL_11","Autofill":[]},{"Type":"Block","ID":"BL_6Rm8uUYJpezFClv","FlowID":"FL_2","Autofill":[]},{"Type":"Branch","FlowID":"FL_25","Description":"New Branch","BranchLogic":{"0":{"0":{"LogicType":"EmbeddedField","LeftOperand":"condition","Operator":"EqualTo","RightOperand":"internalist_biological","_HiddenExpression":false,"Type":"Expression","Description":"<span class=\"ConjDesc\">If<\/span>  <span class=\"LeftOpDesc\">condition<\/span> <span class=\"OpDesc\">Is Equal to<\/span> <span class=\"RightOpDesc\"> internalist_biological <\/span>"},"Type":"If"},"Type":"BooleanExpression"},"Flow":[{"Type":"Standard","ID":"BL_4GYrsVsYHbM4bHv","FlowID":"FL_37","Autofill":[]}]},{"Type":"Branch","FlowID":"FL_26","Description":"New Branch","BranchLogic":{"0":{"0":{"LogicType":"EmbeddedField","LeftOperand":"condition","Operator":"EqualTo","RightOperand":"internalist_cultural","_HiddenExpression":false,"Type":"Expression","Description":"<span class=\"ConjDesc\">If<\/span>  <span class=\"LeftOpDesc\">condition<\/span> <span class=\"OpDesc\">Is Equal to<\/span> <span class=\"RightOpDesc\"> internalist_cultural <\/span>"},"Type":"If"},"Type":"BooleanExpression"},"Flow":[{"Type":"Standard","ID":"BL_3QoYqb7IOA0KMf3","FlowID":"FL_38","Autofill":[]}]},{"Type":"Branch","FlowID":"FL_28","Description":"New Branch","BranchLogic":{"0":{"0":{"LogicType":"EmbeddedField","LeftOperand":"condition","Operator":"EqualTo","RightOperand":"structural","_HiddenExpression":false,"Type":"Expression","Description":"<span class=\"ConjDesc\">If<\/span>  <span class=\"LeftOpDesc\">condition<\/span> <span class=\"OpDesc\">Is Equal to<\/span> <span class=\"RightOpDesc\"> structural <\/span>"},"Type":"If"},"Type":"BooleanExpression"},"Flow":[{"Type":"Standard","ID":"BL_0TCOXgfg7dLKfNX","FlowID":"FL_39","Autofill":[]}]},{"Type":"Standard","ID":"BL_3W6jawLo0CNQTxH","FlowID":"FL_7","Autofill":[]},{"Type":"Standard","ID":"BL_9mF2EwAnHoCoFqB","FlowID":"FL_42","Autofill":[]},{"Type":"Standard","ID":"BL_1F7EjoDSQazv8Vf","FlowID":"FL_40","Autofill":[]},{"Type":"Standard","ID":"BL_4NhuTwm12k12kJL","FlowID":"FL_32","Autofill":[]},{"Type":"Standard","ID":"BL_9pLwSxmodg6W4Jv","FlowID":"FL_33","Autofill":[]},{"Type":"EndSurvey","FlowID":"FL_30"}],"Properties":{"Count":44,"RemovedFieldsets":[]}}},{"SurveyID":"SV_endK22DGp3n4rm5","Element":"RS","PrimaryAttribute":"RS_1FTTLo2f1Zxr5v7","SecondaryAttribute":null,"TertiaryAttribute":null,"Payload":null},{"SurveyID":"SV_endK22DGp3n4rm5","Element":"SO","PrimaryAttribute":"Survey Options","SecondaryAttribute":null,"TertiaryAttribute":null,"Payload":{"BackButton":"false","SaveAndContinue":"true","SurveyProtection":"PublicSurvey","BallotBoxStuffingPrevention":"true","NoIndex":"Yes","SecureResponseFiles":"true","SurveyExpiration":null,"SurveyTermination":"DisplayMessage","Header":"","Footer":"","ProgressBarDisplay":"None","PartialData":"+1 week","ValidationMessage":null,"PreviousButton":" \u2190 ","NextButton":" \u2192 ","SkinLibrary":"stanforduniversity","SkinType":"MQ","Skin":"stanforduniversity3_new_update","NewScoring":1,"ProtectSelectionIds":true,"SurveyTitle":"Online Survey Software | Qualtrics Survey Solutions","EOSMessage":"MS_bx9bTsIxlZPAqC9","ShowExportTags":"false","CollectGeoLocation":"false","SurveyMetaDescription":"Qualtrics sophisticated online survey software solutions make creating online surveys easy. Learn more about Research Suite and get a free account today.","PasswordProtection":"No","AnonymizeResponse":"No","Password":"","RefererCheck":"No","RefererURL":"http:\/\/","UseCustomSurveyLinkCompletedMessage":null,"SurveyLinkCompletedMessage":"","SurveyLinkCompletedMessageLibrary":"","ResponseSummary":"No","EOSMessageLibrary":"UR_8cwUbpSZyvvGHWZ","EOSRedirectURL":"https:\/\/","EmailThankYou":"false","ThankYouEmailMessageLibrary":null,"ThankYouEmailMessage":null,"ValidateMessage":"false","ValidationMessageLibrary":null,"InactiveSurvey":"DefaultMessage","PartialDataCloseAfter":"LastActivity","ActiveResponseSet":null,"InactiveMessageLibrary":"","InactiveMessage":"","AvailableLanguages":{"EN":[]}}},{"SurveyID":"SV_endK22DGp3n4rm5","Element":"SCO","PrimaryAttribute":"Scoring","SecondaryAttribute":null,"TertiaryAttribute":null,"Payload":{"ScoringCategories":[],"ScoringCategoryGroups":[],"ScoringSummaryCategory":null,"ScoringSummaryAfterQuestions":0,"ScoringSummaryAfterSurvey":0,"DefaultScoringCategory":null,"AutoScoringCategory":null}},{"SurveyID":"SV_endK22DGp3n4rm5","Element":"PROJ","PrimaryAttribute":"CORE","SecondaryAttribute":null,"TertiaryAttribute":"1.1.0","Payload":{"ProjectCategory":"CORE","SchemaVersion":"1.1.0"}},{"SurveyID":"SV_endK22DGp3n4rm5","Element":"STAT","PrimaryAttribute":"Survey Statistics","SecondaryAttribute":null,"TertiaryAttribute":null,"Payload":{"MobileCompatible":false,"ID":"Survey Statistics"}},{"SurveyID":"SV_endK22DGp3n4rm5","Element":"QC","PrimaryAttribute":"Survey Question Count","SecondaryAttribute":"112","TertiaryAttribute":null,"Payload":null},{"SurveyID":"SV_endK22DGp3n4rm5","Element":"SQ","PrimaryAttribute":"QID99","SecondaryAttribute":"Actually, it's not okay\u00a0for someone to steal money from their friend, because stealing is not okay.","TertiaryAttribute":null,"Payload":{"QuestionText":"Actually, it's <b>not okay&nbsp;<\/b>for someone to steal money from their friend, because stealing is not okay.","DefaultChoices":false,"DataExportTag":"Q65","QuestionType":"DB","Selector":"TB","DataVisibility":{"Private":false,"Hidden":false},"Configuration":{"QuestionDescriptionOption":"UseText"},"QuestionDescription":"Actually, it's not okay\u00a0for someone to steal money from their friend, because stealing is not okay.","DisplayLogic":{"0":{"0":{"LogicType":"Question","QuestionID":"QID91","QuestionIsInLoop":"no","ChoiceLocator":"q:\/\/QID91\/SelectableChoice\/1","Operator":"Selected","QuestionIDFromLocator":"QID91","LeftOperand":"q:\/\/QID91\/SelectableChoice\/1","Type":"Expression","Description":"<span class=\"ConjDesc\">If<\/span> <span class=\"QuestionDesc\">Is it okay or not okay if someone steals money from their friend?<\/span> <span class=\"LeftOpDesc\">Okay<\/span> <span class=\"OpDesc\">Is Selected<\/span> "},"Type":"If"},"Type":"BooleanExpression","inPage":false},"ChoiceOrder":[],"Validation":{"Settings":{"Type":"None"}},"GradingData":[],"Language":[],"NextChoiceId":4,"NextAnswerId":1,"QuestionID":"QID99"}},{"SurveyID":"SV_endK22DGp3n4rm5","Element":"SQ","PrimaryAttribute":"QID100","SecondaryAttribute":"Actually, it's okay\u00a0for someone to give their friend a gift, because giving gifts is okay.","TertiaryAttribute":null,"Payload":{"QuestionText":"Actually, it's <b>okay&nbsp;<\/b>for someone to give their friend a gift, because giving gifts is okay.","DefaultChoices":false,"DataExportTag":"Q66","QuestionType":"DB","Selector":"TB","DataVisibility":{"Private":false,"Hidden":false},"Configuration":{"QuestionDescriptionOption":"UseText"},"QuestionDescription":"Actually, it's okay\u00a0for someone to give their friend a gift, because giving gifts is okay.","DisplayLogic":{"0":{"0":{"LogicType":"Question","QuestionID":"QID92","QuestionIsInLoop":"no","ChoiceLocator":"q:\/\/QID92\/SelectableChoice\/2","Operator":"Selected","QuestionIDFromLocator":"QID92","LeftOperand":"q:\/\/QID92\/SelectableChoice\/2","Type":"Expression","Description":"<span class=\"ConjDesc\">If<\/span> <span class=\"QuestionDesc\">Is\nit okay or not okay if someone gives their friend a gift?<\/span> <span class=\"LeftOpDesc\">Not okay<\/span> <span class=\"OpDesc\">Is Selected<\/span> "},"Type":"If"},"Type":"BooleanExpression","inPage":false},"ChoiceOrder":[],"Validation":{"Settings":{"Type":"None"}},"GradingData":[],"Language":[],"NextChoiceId":4,"NextAnswerId":1,"QuestionID":"QID100"}},{"SurveyID":"SV_endK22DGp3n4rm5","Element":"SQ","PrimaryAttribute":"QID98","SecondaryAttribute":"Actually, no. People\u00a0can't walk through walls, because walls are solid and we can't pass through...","TertiaryAttribute":null,"Payload":{"QuestionText":"Actually, no. People&nbsp;<b>can't <\/b>walk through walls, because walls are solid and we can't pass through them.","DefaultChoices":false,"DataExportTag":"Q64","QuestionType":"DB","Selector":"TB","DataVisibility":{"Private":false,"Hidden":false},"Configuration":{"QuestionDescriptionOption":"UseText"},"QuestionDescription":"Actually, no. People\u00a0can't walk through walls, because walls are solid and we can't pass through...","DisplayLogic":{"0":{"0":{"ChoiceLocator":"q:\/\/QID88\/SelectableChoice\/1","Description":"<span class=\"ConjDesc\">If<\/span> <span class=\"QuestionDesc\">Can people walk through walls?<\/span> <span class=\"LeftOpDesc\">Yes<\/span> <span class=\"OpDesc\">Is Selected<\/span> ","LeftOperand":"q:\/\/QID88\/SelectableChoice\/1","LogicType":"Question","Operator":"Selected","QuestionID":"QID88","QuestionIDFromLocator":"QID88","QuestionIsInLoop":"no","Type":"Expression"},"Type":"If"},"Type":"BooleanExpression","inPage":false},"ChoiceOrder":[],"Validation":{"Settings":{"Type":"None"}},"GradingData":[],"Language":[],"NextChoiceId":4,"NextAnswerId":1,"QuestionID":"QID98"}},{"SurveyID":"SV_endK22DGp3n4rm5","Element":"SQ","PrimaryAttribute":"QID106","SecondaryAttribute":"Actually, Vawns eat okinberries.\u00a0","TertiaryAttribute":null,"Payload":{"QuestionText":"Actually, Vawns eat okinberries.&nbsp;<br>\n<img height=\"217\" src=\"https:\/\/stanforduniversity.qualtrics.com\/CP\/Graphic.php?IM=IM_0MQRGmz9tWXqkCh\" style=\"width: 300px; height: 217px;\" width=\"300\">","DefaultChoices":false,"DataExportTag":"Q42","QuestionType":"DB","Selector":"TB","Configuration":{"QuestionDescriptionOption":"UseText"},"QuestionDescription":"Actually, Vawns eat okinberries.\u00a0","DisplayLogic":{"0":{"0":{"ChoiceLocator":"q:\/\/QID105\/SelectableChoice\/1","Description":"<span class=\"ConjDesc\">If<\/span> <span class=\"QuestionDesc\">Which group usually eats okinberries?<\/span> <span class=\"LeftOpDesc\">&lt;img height=\"96\" src=\"https:\/\/stanforduniversity.qualtrics.com\/CP\/Graphic.php?IM=IM_4TP9kXC4DXlTp2t\" style=\"width: 100px; height: 96px;\" width=\"100\" \/&gt;&lt;br \/&gt;\n&lt;br \/&gt;\nZarpies<\/span> <span class=\"OpDesc\">Is Selected<\/span> ","LeftOperand":"q:\/\/QID105\/SelectableChoice\/1","LogicType":"Question","Operator":"Selected","QuestionID":"QID105","QuestionIDFromLocator":"QID105","QuestionIsInLoop":"no","Type":"Expression"},"Type":"If"},"Type":"BooleanExpression","inPage":false},"ChoiceOrder":[],"Validation":{"Settings":{"Type":"None"}},"GradingData":[],"Language":[],"NextChoiceId":4,"NextAnswerId":1,"QuestionID":"QID106","DataVisibility":{"Private":false,"Hidden":false}}},{"SurveyID":"SV_endK22DGp3n4rm5","Element":"SQ","PrimaryAttribute":"QID97","SecondaryAttribute":"Actually, yes. People\u00a0can shower in the morning instead of at night, because people can decide to..","TertiaryAttribute":null,"Payload":{"QuestionText":"Actually, yes. People&nbsp;<b>can<\/b> shower in the morning instead of at night, because people can decide to change their showering habits.","DefaultChoices":false,"DataExportTag":"Q63","QuestionType":"DB","Selector":"TB","Configuration":{"QuestionDescriptionOption":"UseText"},"QuestionDescription":"Actually, yes. People\u00a0can shower in the morning instead of at night, because people can decide to...","DisplayLogic":{"0":{"0":{"ChoiceLocator":"q:\/\/QID89\/SelectableChoice\/2","Description":"<span class=\"ConjDesc\">If<\/span> <span class=\"QuestionDesc\">Can people shower in the morning instead of at night?<\/span> <span class=\"LeftOpDesc\">No<\/span> <span class=\"OpDesc\">Is Selected<\/span> ","LeftOperand":"q:\/\/QID89\/SelectableChoice\/2","LogicType":"Question","Operator":"Selected","QuestionID":"QID89","QuestionIDFromLocator":"QID89","QuestionIsInLoop":"no","Type":"Expression"},"Type":"If"},"Type":"BooleanExpression","inPage":false},"ChoiceOrder":[],"Validation":{"Settings":{"Type":"None"}},"GradingData":[],"Language":[],"NextChoiceId":4,"NextAnswerId":1,"QuestionID":"QID97","DataVisibility":{"Private":false,"Hidden":false}}},{"SurveyID":"SV_endK22DGp3n4rm5","Element":"SQ","PrimaryAttribute":"QID79","SecondaryAttribute":"Because of the way their bodies work, other berries make them sick, so Zarpies only eat pogoberri...","TertiaryAttribute":null,"Payload":{"QuestionText":"<p>Because of the way their bodies work, other berries make them sick, so Zarpies only eat pogoberries.&nbsp;<br>\n<img alt=\"smiling blue monster (Zarpie) next to 3 blue round berries (pogoberries)\" height=\"289\" src=\"https:\/\/stanforduniversity.qualtrics.com\/CP\/Graphic.php?IM=IM_1F9eHS9mFy8EDNX\" style=\"width: 400px; height: 289px;\" width=\"400\"><\/p>\n\n<p>&nbsp;<\/p>","DefaultChoices":false,"QuestionType":"DB","Selector":"TB","DataVisibility":{"Private":false,"Hidden":false},"Configuration":{"QuestionDescriptionOption":"UseText"},"QuestionDescription":"Because of the way their bodies work, other berries make them sick, so Zarpies only eat pogoberri...","ChoiceOrder":[],"Validation":{"Settings":{"Type":"None"}},"GradingData":[],"Language":[],"NextChoiceId":4,"NextAnswerId":1,"Graphics":"IM_1HQnrypnBqmj6Xb","GraphicsDescription":"Slide3","QuestionText_Unsafe":"Today we're going to learn about Zarpies.","DataExportTag":"internalist_bio","QuestionID":"QID79"}},{"SurveyID":"SV_endK22DGp3n4rm5","Element":"SQ","PrimaryAttribute":"QID81","SecondaryAttribute":"Because pogoberries are the only berries that grow in the area where they live, Zarpies only eat...","TertiaryAttribute":null,"Payload":{"QuestionText":"<p>Because pogoberries are the only berries that grow in the area where they live, Zarpies only eat pogoberries.&nbsp;<br>\n<img alt=\"smiling blue monster (Zarpie) next to 3 blue round berries (pogoberries)\" height=\"289\" src=\"https:\/\/stanforduniversity.qualtrics.com\/CP\/Graphic.php?IM=IM_1F9eHS9mFy8EDNX\" style=\"width: 400px; height: 289px;\" width=\"400\"><\/p>","DefaultChoices":false,"QuestionType":"DB","Selector":"TB","DataVisibility":{"Private":false,"Hidden":false},"Configuration":{"QuestionDescriptionOption":"UseText"},"QuestionDescription":"Because pogoberries are the only berries that grow in the area where they live, Zarpies only eat...","ChoiceOrder":[],"Validation":{"Settings":{"Type":"None"}},"GradingData":[],"Language":[],"NextChoiceId":4,"NextAnswerId":1,"Graphics":"IM_1HQnrypnBqmj6Xb","GraphicsDescription":"Slide3","QuestionText_Unsafe":"<p>Because they go to sleep when the moon is high in the sky, and wake up at sunrise to pray, Zarpies wake up after sleeping for 5 hours.<\/p>","DataExportTag":"structural","QuestionID":"QID81"}},{"SurveyID":"SV_endK22DGp3n4rm5","Element":"SQ","PrimaryAttribute":"QID80","SecondaryAttribute":"Because they believe eating other berries is bad luck, Zarpies only eat pogoberries.","TertiaryAttribute":null,"Payload":{"QuestionText":"<p>Because they believe eating other berries is bad luck, Zarpies only eat pogoberries.<br>\n<img alt=\"smiling blue monster (Zarpie) next to 3 blue round berries (pogoberries)\" height=\"289\" src=\"https:\/\/stanforduniversity.qualtrics.com\/CP\/Graphic.php?IM=IM_1F9eHS9mFy8EDNX\" style=\"width: 400px; height: 289px;\" width=\"400\"><\/p>","DefaultChoices":false,"QuestionType":"DB","Selector":"TB","DataVisibility":{"Private":false,"Hidden":false},"Configuration":{"QuestionDescriptionOption":"UseText"},"QuestionDescription":"Because they believe eating other berries is bad luck, Zarpies only eat pogoberries.","ChoiceOrder":[],"Validation":{"Settings":{"Type":"None"}},"GradingData":[],"Language":[],"NextChoiceId":4,"NextAnswerId":1,"Graphics":"IM_1HQnrypnBqmj6Xb","GraphicsDescription":"Slide3","QuestionText_Unsafe":"<P>Because of the way their bodies\nwork, Zarpies wake\nup after sleeping for 5 hours.&nbsp;<\/P>","DataExportTag":"internalist_cul","QuestionID":"QID80"}},{"SurveyID":"SV_endK22DGp3n4rm5","Element":"SQ","PrimaryAttribute":"QID89","SecondaryAttribute":"Can people shower in the morning instead of at night?","TertiaryAttribute":null,"Payload":{"QuestionText":"Can people shower in the morning instead of at night?","DefaultChoices":false,"DataExportTag":"calibrate_poss_1","QuestionType":"MC","Selector":"SAHR","SubSelector":"TX","DataVisibility":{"Private":false,"Hidden":false},"Configuration":{"QuestionDescriptionOption":"UseText","LabelPosition":"BELOW"},"QuestionDescription":"Can people shower in the morning instead of at night?","Choices":{"1":{"Display":"Yes"},"2":{"Display":"No"}},"ChoiceOrder":[1,2],"Validation":{"Settings":{"ForceResponse":"ON","ForceResponseType":"ON","Type":"None"}},"GradingData":[],"Language":[],"NextChoiceId":7,"NextAnswerId":1,"QuestionID":"QID89","Randomization":{"Advanced":null,"TotalRandSubset":"","Type":"All"}}},{"SurveyID":"SV_endK22DGp3n4rm5","Element":"SQ","PrimaryAttribute":"QID88","SecondaryAttribute":"Can people walk through walls?","TertiaryAttribute":null,"Payload":{"QuestionText":"<p>Can people walk through walls?<\/p>","DefaultChoices":false,"DataExportTag":"calibrate_poss_2","QuestionType":"MC","Selector":"SAHR","SubSelector":"TX","DataVisibility":{"Private":false,"Hidden":false},"Configuration":{"QuestionDescriptionOption":"UseText","LabelPosition":"BELOW"},"QuestionDescription":"Can people walk through walls?","Choices":{"1":{"Display":"Yes"},"2":{"Display":"No"}},"ChoiceOrder":[1,2],"Validation":{"Settings":{"ForceResponse":"ON","ForceResponseType":"ON","Type":"None"}},"GradingData":[],"Language":[],"NextChoiceId":7,"NextAnswerId":1,"QuestionID":"QID88","Randomization":{"Advanced":null,"TotalRandSubset":"","Type":"All"}}},{"SurveyID":"SV_endK22DGp3n4rm5","Element":"SQ","PrimaryAttribute":"QID93","SecondaryAttribute":"Can Zarpies also eat okinberries? \u00a0 \u00a0 \u00a0 \u00a0?\u00a0 \u00a0 \u00a0","TertiaryAttribute":null,"Payload":{"QuestionText":"<p>Can Zarpies also eat okinberries?<\/p>\n\n<p style=\"text-align: left;\"><img height=\"192\" src=\"https:\/\/stanforduniversity.qualtrics.com\/CP\/Graphic.php?IM=IM_0BNxQohrvXd8Uvz\" style=\"width: 200px; height: 192px;\" width=\"200\" \/>&nbsp; &nbsp; &nbsp; &nbsp;<span style=\"font-size:26px;\"><strong>?<\/strong><\/span>&nbsp; &nbsp; &nbsp;<img height=\"110\" src=\"https:\/\/stanforduniversity.qualtrics.com\/CP\/Graphic.php?IM=IM_88kjMQJcswSaLOd\" style=\"width: 50px; height: 110px;\" width=\"50\" \/><\/p>","DefaultChoices":false,"DataExportTag":"possibility_change","QuestionType":"MC","Selector":"SAHR","SubSelector":"TX","DataVisibility":{"Private":false,"Hidden":false},"Configuration":{"QuestionDescriptionOption":"UseText","LabelPosition":"BELOW"},"QuestionDescription":"Can Zarpies also eat okinberries? \u00a0 \u00a0 \u00a0 \u00a0?\u00a0 \u00a0 \u00a0","Choices":{"1":{"Display":"For sure no"},"2":{"Display":"Maybe no"},"5":{"Display":"Maybe yes"},"6":{"Display":"For sure yes"}},"ChoiceOrder":[1,2,5,6],"Validation":{"Settings":{"ForceResponse":"ON","ForceResponseType":"ON","Type":"None"}},"GradingData":[],"Language":[],"NextChoiceId":7,"NextAnswerId":1,"QuestionID":"QID93","Randomization":{"Advanced":null,"TotalRandSubset":"","Type":"None"}}},{"SurveyID":"SV_endK22DGp3n4rm5","Element":"SQ","PrimaryAttribute":"QID2","SecondaryAttribute":"Great, let's get started!\u00a0 I am going to tell you about a planet far away.\u00a0 \u00a0 \u00a0","TertiaryAttribute":null,"Payload":{"QuestionText":"Great, let's get started!&nbsp;<div><br><\/div><div>I am going to tell you about a planet far away.&nbsp;<br>\n<img alt=\"sand-colored planet with swirling gas\" height=\"390\" src=\"https:\/\/stanforduniversity.qualtrics.com\/CP\/Graphic.php?IM=IM_3UyqTNZ4hv8qrel\" style=\"width: 400px; height: 390px;\" width=\"400\">\n<div>&nbsp;<\/div>\n\n<div><br>\n&nbsp;<\/div><\/div>","DefaultChoices":false,"DataExportTag":"planet","QuestionType":"DB","Selector":"TB","Configuration":{"QuestionDescriptionOption":"UseText"},"QuestionDescription":"Great, let's get started!\u00a0 I am going to tell you about a planet far away.\u00a0 \u00a0 \u00a0","ChoiceOrder":[],"Validation":{"Settings":{"Type":"None"}},"GradingData":[],"Language":[],"NextChoiceId":4,"NextAnswerId":1,"Graphics":"IM_3UyqTNZ4hv8qrel","GraphicsDescription":"Planet","QuestionID":"QID2","DataVisibility":{"Private":false,"Hidden":false}}},{"SurveyID":"SV_endK22DGp3n4rm5","Element":"SQ","PrimaryAttribute":"QID112","SecondaryAttribute":"How easy or difficult would it be to do the action you suggested above? If you suggested more tha...","TertiaryAttribute":null,"Payload":{"QuestionText":"How easy or difficult would it be to do the action you suggested above? If you suggested more than one action, just rate the first action you listed.","DataExportTag":"intervention_diff","QuestionType":"MC","Selector":"SAHR","SubSelector":"TX","Configuration":{"QuestionDescriptionOption":"UseText","LabelPosition":"BELOW"},"QuestionDescription":"How easy or difficult would it be to do the action you suggested above? If you suggested more tha...","Choices":{"1":{"Display":"Very easy"},"3":{"Display":"Somewhat easy"},"5":{"Display":"Somewhat difficult"},"6":{"Display":"Very difficult"}},"ChoiceOrder":["1","3","5","6"],"Validation":{"Settings":{"ForceResponse":"ON","ForceResponseType":"ON","Type":"None"}},"Language":[],"NextChoiceId":7,"NextAnswerId":1,"QuestionID":"QID112","DefaultChoices":false,"GradingData":[],"DataVisibility":{"Private":false,"Hidden":false}}},{"SurveyID":"SV_endK22DGp3n4rm5","Element":"SQ","PrimaryAttribute":"QID68","SecondaryAttribute":"How old are you? Please enter your age in years:","TertiaryAttribute":null,"Payload":{"QuestionText":"How old are you? Please enter your age in years:","DataExportTag":"age","QuestionType":"TE","Selector":"SL","DataVisibility":{"Private":false,"Hidden":false},"Configuration":{"QuestionDescriptionOption":"UseText","InputWidth":85,"InputHeight":29},"QuestionDescription":"How old are you? Please enter your age in years:","Validation":{"Settings":{"ForceResponse":"RequestResponse","ForceResponseType":"RequestResponse","Type":"ContentType","ContentType":"ValidNumber","ValidDateType":"DateWithFormat","ValidPhoneType":"ValidUSPhone","ValidZipType":"ValidUSZip","ValidNumber":{"Min":"18","Max":"120"},"CustomValidation":{"Logic":{"0":{"0":{"ChoiceLocator":"q:\/\/QID68\/ChoiceTextEntryValue","Description":"<span class=\"ConjDesc\">If<\/span> <span class=\"QuestionDesc\">Please enter your age in years:<\/span> <span class=\"LeftOpDesc\">Text Response<\/span> <span class=\"OpDesc\">Is Greater Than or Equal to<\/span> <span class=\"RightOpDesc\"> 18 <\/span>","LeftOperand":"q:\/\/QID68\/ChoiceTextEntryValue","LogicType":"Question","Operator":"GreaterThanOrEqual","QuestionID":"QID68","QuestionIDFromLocator":"QID68","QuestionIsInLoop":"no","RightOperand":"18","Type":"Expression"},"1":{"ChoiceLocator":"q:\/\/QID68\/ChoiceTextEntryValue","Conjuction":"And","Description":"<span class=\"ConjDesc\">And<\/span> <span class=\"QuestionDesc\">Please enter your age in years:<\/span> <span class=\"LeftOpDesc\">Text Response<\/span> <span class=\"OpDesc\">Is Less Than or Equal to<\/span> <span class=\"RightOpDesc\"> 120 <\/span>","LeftOperand":"q:\/\/QID68\/ChoiceTextEntryValue","LogicType":"Question","Operator":"LessThanOrEqual","QuestionID":"QID68","QuestionIDFromLocator":"QID68","QuestionIsInLoop":"no","RightOperand":"120","Type":"Expression"},"Type":"If"},"Type":"BooleanExpression"},"Message":{"description":"Require valid number","libraryID":null,"messageID":null,"subMessageID":"VE_VALIDNUMBER"}}}},"GradingData":[],"Language":[],"NextChoiceId":1,"NextAnswerId":1,"SearchSource":{"AllowFreeResponse":"false"},"QuestionID":"QID68"}},{"SurveyID":"SV_endK22DGp3n4rm5","Element":"SQ","PrimaryAttribute":"QID69","SecondaryAttribute":"How would you describe your gender identity?","TertiaryAttribute":null,"Payload":{"QuestionText":"How would you describe your gender identity?","DataExportTag":"gender","QuestionType":"MC","Selector":"SAVR","SubSelector":"TX","DataVisibility":{"Private":false,"Hidden":false},"Configuration":{"QuestionDescriptionOption":"UseText"},"QuestionDescription":"How would you describe your gender identity?","Choices":{"1":{"Display":"Male"},"2":{"Display":"Female"},"4":{"Display":"Prefer to self-describe, please specify:","TextEntry":"true","InputWidth":190},"5":{"Display":"Prefer not to specify"}},"ChoiceOrder":[1,2,4,"5"],"Validation":{"Settings":{"ForceResponse":"RequestResponse","ForceResponseType":"RequestResponse","Type":"None"}},"RecodeValues":{"1":"1","2":"2","4":"4","5":"5"},"Language":[],"NextChoiceId":6,"NextAnswerId":1,"QuestionID":"QID69"}},{"SurveyID":"SV_endK22DGp3n4rm5","Element":"SQ","PrimaryAttribute":"QID70","SecondaryAttribute":"How would you describe your racial or ethnic identity?","TertiaryAttribute":null,"Payload":{"QuestionText":"How would you describe your racial or ethnic identity?","DefaultChoices":false,"DataExportTag":"race","QuestionType":"MC","Selector":"MAVR","SubSelector":"TX","DataVisibility":{"Private":false,"Hidden":false},"Configuration":{"QuestionDescriptionOption":"UseText"},"QuestionDescription":"How would you describe your racial or ethnic identity?","Choices":{"4":{"Display":"White, Caucasian, or European American"},"5":{"Display":"Hispanic or Latino\/a"},"6":{"Display":"Black or African American"},"7":{"Display":"Native American, American Indian, or Alaska Native"},"8":{"Display":"Middle Eastern or North African"},"12":{"Display":"South or Southeast Asian"},"13":{"Display":"East Asian"},"14":{"Display":"Native Hawaiian or other Pacific Islander"},"15":{"Display":"Some other racial\/ethnic identity, please specify:","TextEntry":"true"},"16":{"Display":"Prefer not to specify"}},"ChoiceOrder":["4","5","6","7","8","12","13","14","15","16"],"Validation":{"Settings":{"ForceResponse":"RequestResponse","ForceResponseType":"RequestResponse","Type":"None"}},"VariableNaming":{"4":"White\/European American","5":"Latino\/Latina","6":"Black\/African American","7":"Asian\/Asian American","8":"Native American\/Pacific Islander","12":"Click to write Choice 7","13":"Click to write Choice 8","14":"Click to write Choice 9","15":"Click to write Choice 10","16":"Click to write Choice 10"},"GradingData":[],"Language":[],"NextChoiceId":17,"NextAnswerId":1,"QuestionID":"QID70"}},{"SurveyID":"SV_endK22DGp3n4rm5","Element":"SQ","PrimaryAttribute":"QID85","SecondaryAttribute":"If you could make anything happen, what would you do, so that the Zarpies can eat okinberries? Pl...","TertiaryAttribute":null,"Payload":{"QuestionText":"<p>If you could make anything happen, what would you do, so that the Zarpies can eat okinberries? Please list at least 1 specific action you would do.&nbsp;<\/p>","DefaultChoices":false,"DataExportTag":"intervention","QuestionType":"TE","Selector":"ML","DataVisibility":{"Private":false,"Hidden":false},"Configuration":{"QuestionDescriptionOption":"UseText","InputWidth":588,"InputHeight":29},"QuestionDescription":"If you could make anything happen, what would you do, so that the Zarpies can eat okinberries? Pl...","Validation":{"Settings":{"ForceResponse":"ON","ForceResponseType":"ON","Type":"MinChar","MinChars":"5"}},"GradingData":[],"Language":[],"NextChoiceId":7,"NextAnswerId":1,"SearchSource":{"AllowFreeResponse":"false"},"QuestionID":"QID85"}},{"SurveyID":"SV_endK22DGp3n4rm5","Element":"SQ","PrimaryAttribute":"QID87","SecondaryAttribute":"In this task, what berries were mentioned? Check all berries mentioned.","TertiaryAttribute":null,"Payload":{"QuestionText":"In this task, what berries were mentioned? Check all berries mentioned.","DataExportTag":"check_berry","QuestionType":"MC","Selector":"MAVR","SubSelector":"TX","DataVisibility":{"Private":false,"Hidden":false},"Configuration":{"QuestionDescriptionOption":"UseText","LabelPosition":"BELOW"},"QuestionDescription":"In this task, what berries were mentioned? Check all berries mentioned.","Choices":{"3":{"Display":"Pogoberries"},"5":{"Display":"Okinberries"},"7":{"Display":"Junpaberries"},"8":{"Display":"Hilaberries"}},"ChoiceOrder":[3,"5","7","8"],"Randomization":{"Advanced":null,"TotalRandSubset":"","Type":"All"},"Validation":{"Settings":{"ForceResponse":"ON","ForceResponseType":"ON","Type":"None"}},"Language":[],"NextChoiceId":11,"NextAnswerId":1,"QuestionID":"QID87"}},{"SurveyID":"SV_endK22DGp3n4rm5","Element":"SQ","PrimaryAttribute":"QID74","SecondaryAttribute":"In this task, what groups were mentioned? Check all groups mentioned.","TertiaryAttribute":null,"Payload":{"QuestionText":"In this task, what groups were mentioned? Check all groups mentioned.","DataExportTag":"check_group","QuestionType":"MC","Selector":"MAVR","SubSelector":"TX","DataVisibility":{"Private":false,"Hidden":false},"Configuration":{"QuestionDescriptionOption":"UseText","LabelPosition":"BELOW"},"QuestionDescription":"In this task, what groups were mentioned? Check all groups mentioned.","Choices":{"3":{"Display":"Zarpies"},"5":{"Display":"Vawns"},"7":{"Display":"Hibbles"},"8":{"Display":"Glerks"}},"ChoiceOrder":[3,"5","7","8"],"Randomization":{"Advanced":null,"TotalRandSubset":"","Type":"All"},"Validation":{"Settings":{"ForceResponse":"ON","ForceResponseType":"ON","Type":"None"}},"Language":[],"NextChoiceId":11,"NextAnswerId":1,"QuestionID":"QID74"}},{"SurveyID":"SV_endK22DGp3n4rm5","Element":"SQ","PrimaryAttribute":"QID95","SecondaryAttribute":"In this task, you'll read a story about groups that live on a planet far far away, and answer som...","TertiaryAttribute":null,"Payload":{"QuestionText":"In this task, you'll read a story about groups that live on a planet far far away, and answer some questions about the groups.&nbsp;<div><br><\/div><div>We hope the task can be done by children, so the language is designed to be kid-friendly.&nbsp;<\/div>","DefaultChoices":false,"DataExportTag":"intro","QuestionType":"DB","Selector":"TB","Configuration":{"QuestionDescriptionOption":"UseText"},"QuestionDescription":"In this task, you'll read a story about groups that live on a planet far far away, and answer som...","ChoiceOrder":[],"Validation":{"Settings":{"Type":"None"}},"GradingData":[],"Language":[],"NextChoiceId":4,"NextAnswerId":1,"QuestionID":"QID95","DataVisibility":{"Private":false,"Hidden":false}}},{"SurveyID":"SV_endK22DGp3n4rm5","Element":"SQ","PrimaryAttribute":"QID103","SecondaryAttribute":"Is it a little bad, pretty bad, or very, very bad?","TertiaryAttribute":null,"Payload":{"QuestionText":"<p><img height=\"181\" src=\"https:\/\/stanforduniversity.qualtrics.com\/CP\/Graphic.php?IM=IM_8wiasYrXAH1Tq8B\" style=\"width: 250px; height: 181px;\" width=\"250\"><\/p>\n\n<p><br>\nIs it a little bad, pretty bad, or very, very bad?<\/p>","DefaultChoices":false,"DataExportTag":"normativity_notOkay","QuestionType":"MC","Selector":"SAHR","SubSelector":"TX","DataVisibility":{"Private":false,"Hidden":false},"Configuration":{"QuestionDescriptionOption":"UseText","LabelPosition":"BELOW"},"QuestionDescription":"Is it a little bad, pretty bad, or very, very bad?","Choices":{"2":{"Display":"A little bad"},"3":{"Display":"Pretty bad"},"7":{"Display":"Very, very bad"}},"ChoiceOrder":[2,3,"7"],"Validation":{"Settings":{"ForceResponse":"ON","ForceResponseType":"ON","Type":"None"}},"GradingData":[],"Language":[],"NextChoiceId":8,"NextAnswerId":1,"QuestionID":"QID103","DisplayLogic":{"0":{"0":{"ChoiceLocator":"q:\/\/QID44\/SelectableChoice\/3","Description":"<span class=\"ConjDesc\">If<\/span> <span class=\"QuestionDesc\">Look, here\u2019s a Zarpie who eats okinberries.\n\n\n\nIs it okay or not okay for this Zarpie to eat okinberries?<\/span> <span class=\"LeftOpDesc\">Not okay<\/span> <span class=\"OpDesc\">Is Selected<\/span> ","LeftOperand":"q:\/\/QID44\/SelectableChoice\/3","LogicType":"Question","Operator":"Selected","QuestionID":"QID44","QuestionIDFromLocator":"QID44","QuestionIsInLoop":"no","Type":"Expression"},"Type":"If"},"Type":"BooleanExpression","inPage":false}}},{"SurveyID":"SV_endK22DGp3n4rm5","Element":"SQ","PrimaryAttribute":"QID104","SecondaryAttribute":"Is it a little good, pretty good, or very, very good?","TertiaryAttribute":null,"Payload":{"QuestionText":"<p><img height=\"181\" src=\"https:\/\/stanforduniversity.qualtrics.com\/CP\/Graphic.php?IM=IM_8wiasYrXAH1Tq8B\" style=\"width: 250px; height: 181px;\" width=\"250\"><\/p><p><br><\/p>\n\n<p>Is it a little good, pretty good, or very, very good?<\/p>","DefaultChoices":false,"DataExportTag":"normativity_okay","QuestionType":"MC","Selector":"SAHR","SubSelector":"TX","DataVisibility":{"Private":false,"Hidden":false},"Configuration":{"QuestionDescriptionOption":"UseText","LabelPosition":"BELOW"},"QuestionDescription":"Is it a little good, pretty good, or very, very good?","Choices":{"2":{"Display":"A little good"},"3":{"Display":"Pretty good"},"7":{"Display":"Very, very good"}},"ChoiceOrder":[2,3,"7"],"Validation":{"Settings":{"ForceResponse":"ON","ForceResponseType":"ON","Type":"None"}},"GradingData":[],"Language":[],"NextChoiceId":8,"NextAnswerId":1,"QuestionID":"QID104","DisplayLogic":{"0":{"0":{"ChoiceLocator":"q:\/\/QID44\/SelectableChoice\/2","Description":"<span class=\"ConjDesc\">If<\/span> <span class=\"QuestionDesc\">Look, here\u2019s a Zarpie who eats okinberries.\n\n\n\nIs it okay or not okay for this Zarpie to eat okinberries?<\/span> <span class=\"LeftOpDesc\">Okay<\/span> <span class=\"OpDesc\">Is Selected<\/span> ","LeftOperand":"q:\/\/QID44\/SelectableChoice\/2","LogicType":"Question","Operator":"Selected","QuestionID":"QID44","QuestionIDFromLocator":"QID44","QuestionIsInLoop":"no","Type":"Expression"},"Type":"If"},"Type":"BooleanExpression","inPage":false}}},{"SurveyID":"SV_endK22DGp3n4rm5","Element":"SQ","PrimaryAttribute":"QID92","SecondaryAttribute":"Is it okay or not okay if someone gives their friend a gift?","TertiaryAttribute":null,"Payload":{"QuestionText":"<p>Is\nit okay or not okay if someone gives their friend a gift?<\/p>","DefaultChoices":false,"DataExportTag":"calibrate_norm_2","QuestionType":"MC","Selector":"SAHR","SubSelector":"TX","DataVisibility":{"Private":false,"Hidden":false},"Configuration":{"QuestionDescriptionOption":"UseText","LabelPosition":"BELOW"},"QuestionDescription":"Is it okay or not okay if someone gives their friend a gift?","Choices":{"1":{"Display":"Okay"},"2":{"Display":"Not okay"}},"ChoiceOrder":[1,2],"Validation":{"Settings":{"ForceResponse":"ON","ForceResponseType":"ON","Type":"None"}},"GradingData":[],"Language":[],"NextChoiceId":7,"NextAnswerId":1,"QuestionID":"QID92"}},{"SurveyID":"SV_endK22DGp3n4rm5","Element":"SQ","PrimaryAttribute":"QID91","SecondaryAttribute":"Is it okay or not okay if someone steals money from their friend?","TertiaryAttribute":null,"Payload":{"QuestionText":"<p>Is\nit okay or not okay if someone steals money from their friend?<\/p>","DefaultChoices":false,"DataExportTag":"calibrate_norm_1","QuestionType":"MC","Selector":"SAHR","SubSelector":"TX","DataVisibility":{"Private":false,"Hidden":false},"Configuration":{"QuestionDescriptionOption":"UseText","LabelPosition":"BELOW"},"QuestionDescription":"Is it okay or not okay if someone steals money from their friend?","Choices":{"1":{"Display":"Okay"},"2":{"Display":"Not okay"}},"ChoiceOrder":[1,2],"Validation":{"Settings":{"ForceResponse":"ON","ForceResponseType":"ON","Type":"None"}},"GradingData":[],"Language":[],"NextChoiceId":7,"NextAnswerId":1,"QuestionID":"QID91"}},{"SurveyID":"SV_endK22DGp3n4rm5","Element":"SQ","PrimaryAttribute":"QID96","SecondaryAttribute":"Let's get started by practicing with some questions.","TertiaryAttribute":null,"Payload":{"QuestionText":"Let's get started by practicing with some questions.","DefaultChoices":false,"DataExportTag":"Q62","QuestionType":"DB","Selector":"TB","Configuration":{"QuestionDescriptionOption":"UseText"},"QuestionDescription":"Let's get started by practicing with some questions.","ChoiceOrder":[],"Validation":{"Settings":{"Type":"None"}},"GradingData":[],"Language":[],"NextChoiceId":4,"NextAnswerId":1,"QuestionID":"QID96"}},{"SurveyID":"SV_endK22DGp3n4rm5","Element":"SQ","PrimaryAttribute":"QID44","SecondaryAttribute":"Look, here\u2019s a Zarpie who eats okinberries. Is it okay or not okay for this Zarpie to eat okinber.","TertiaryAttribute":null,"Payload":{"QuestionText":"<p>Look, here\u2019s a Zarpie who eats okinberries.<br>\n<img height=\"181\" src=\"https:\/\/stanforduniversity.qualtrics.com\/CP\/Graphic.php?IM=IM_8wiasYrXAH1Tq8B\" style=\"width: 250px; height: 181px;\" width=\"250\"><\/p>\n\n<p><br>\nIs it okay or not okay for this Zarpie to eat okinberries?<\/p>","DefaultChoices":false,"QuestionType":"MC","Selector":"SAHR","SubSelector":"TX","DataVisibility":{"Private":false,"Hidden":false},"Configuration":{"QuestionDescriptionOption":"UseText","LabelPosition":"BELOW"},"QuestionDescription":"Look, here\u2019s a Zarpie who eats okinberries. Is it okay or not okay for this Zarpie to eat okinber...","Choices":{"2":{"Display":"Okay"},"3":{"Display":"Not okay"}},"ChoiceOrder":[2,3],"Validation":{"Settings":{"ForceResponse":"ON","ForceResponseType":"ON","Type":"None"}},"GradingData":[],"Language":[],"NextChoiceId":7,"NextAnswerId":1,"QuestionText_Unsafe":"<span style=\"color: rgb(34, 34, 34); font-family: Arial, Helvetica, sans-serif; font-size: small;\">Individual Vawns have very little in common.<\/span>","DataExportTag":"normativity_fc","QuestionID":"QID44"}},{"SurveyID":"SV_endK22DGp3n4rm5","Element":"SQ","PrimaryAttribute":"QID82","SecondaryAttribute":"Oh no, the pogoberry harvest failed this year. The Zarpies need to eat okinberries.\u00a0","TertiaryAttribute":null,"Payload":{"QuestionText":"Oh no, the pogoberry harvest failed this year. The Zarpies need to eat okinberries.&nbsp;<br>\n<img height=\"162\" src=\"https:\/\/stanforduniversity.qualtrics.com\/CP\/Graphic.php?IM=IM_afwdcsRuMgaUifH\" style=\"width: 100px; height: 162px;\" width=\"100\"> <img height=\"279\" src=\"https:\/\/stanforduniversity.qualtrics.com\/CP\/Graphic.php?IM=IM_d0eAduN9Z7Iz8u9\" style=\"width: 300px; height: 279px;\" width=\"300\">","DefaultChoices":false,"DataExportTag":"intervention_intro","QuestionType":"DB","Selector":"TB","Configuration":{"QuestionDescriptionOption":"UseText"},"QuestionDescription":"Oh no, the pogoberry harvest failed this year. The Zarpies need to eat okinberries.\u00a0","ChoiceOrder":[],"Validation":{"Settings":{"Type":"None"}},"GradingData":[],"Language":[],"NextChoiceId":4,"NextAnswerId":1,"QuestionID":"QID82","DataVisibility":{"Private":false,"Hidden":false}}},{"SurveyID":"SV_endK22DGp3n4rm5","Element":"SQ","PrimaryAttribute":"QID64","SecondaryAttribute":"STUDY TITLE: Comparison processing in children \u00a0 PROTOCOL DIRECTOR:\u00a0 Marianna Zhang \u00a0 DESCRIPTION","TertiaryAttribute":null,"Payload":{"QuestionText":"<div><span style=\"color: rgb(64, 64, 64); font-family: arial, helvetica, sans-serif; font-size: 18.6667px;\">STUDY TITLE: Comparison processing in children<\/span><br>\n<span style=\"color: rgb(64, 64, 64); font-family: arial, helvetica, sans-serif; font-size: 18.6667px;\">&nbsp;<\/span><br>\n<span style=\"color: rgb(64, 64, 64); font-family: arial, helvetica, sans-serif; font-size: 18.6667px;\">PROTOCOL DIRECTOR:&nbsp; Marianna Zhang<\/span><br>\n<span style=\"color: rgb(64, 64, 64); font-family: arial, helvetica, sans-serif; font-size: 18.6667px;\">&nbsp;<\/span><br>\n<span style=\"color: rgb(64, 64, 64); font-family: arial, helvetica, sans-serif; font-size: 18.6667px;\">DESCRIPTION:&nbsp; You are invited to participate in&nbsp;<\/span><span style=\"box-sizing: border-box; font-family: &quot;Qualtrics Grotesque&quot;, &quot;Helvetica Neue&quot;, Helvetica, Arial, sans-serif; font-weight: 700; color: rgb(64, 64, 64); font-size: 18.6667px;\">a research study<\/span><span style=\"color: rgb(64, 64, 64); font-family: arial, helvetica, sans-serif; font-size: 18.6667px;\">&nbsp;on language and social categories. You will be asked to read short sentences, read short excerpts from children\u2019s books, answer short questions, produce or select sentences, rate items on various traits, or produce descriptions of items. You may see material intended for children \u2013 we are interested in how adults think about the same material. The&nbsp;<\/span><span style=\"box-sizing: border-box; font-family: &quot;Qualtrics Grotesque&quot;, &quot;Helvetica Neue&quot;, Helvetica, Arial, sans-serif; font-weight: 700; color: rgb(64, 64, 64); font-size: 18.6667px;\">purpose<\/span><span style=\"color: rgb(64, 64, 64); font-family: arial, helvetica, sans-serif; font-size: 18.6667px;\">&nbsp;of this research is to understand the cognitive processes underlying language and social categorization.&nbsp;<\/span><br>\n<span style=\"color: rgb(64, 64, 64); font-family: arial, helvetica, sans-serif; font-size: 18.6667px;\">&nbsp;<\/span><br>\n<span style=\"color: rgb(64, 64, 64); font-family: arial, helvetica, sans-serif; font-size: 18.6667px;\">TIME INVOLVEMENT:&nbsp; Your participation will take approximately 3-5 minutes.<\/span><br>\n<span style=\"color: rgb(64, 64, 64); font-family: arial, helvetica, sans-serif; font-size: 18.6667px;\">&nbsp;<\/span><br>\n<span style=\"color: rgb(64, 64, 64); font-family: arial, helvetica, sans-serif; font-size: 18.6667px;\">RISKS AND BENEFITS:&nbsp; There are no risks associated with this study.&nbsp; No benefits may reasonably be expected to result from this study. We cannot and do not guarantee or promise that you will receive any benefits from this study.<\/span><br>\n<span style=\"color: rgb(64, 64, 64); font-family: arial, helvetica, sans-serif; font-size: 18.6667px;\">&nbsp;<\/span><br>\n<span style=\"color: rgb(64, 64, 64); font-family: arial, helvetica, sans-serif; font-size: 18.6667px;\">PAYMENTS:&nbsp; You will receive $0.66 through Amazon Payments as payment for your participation.<\/span><br>\n<span style=\"color: rgb(64, 64, 64); font-family: arial, helvetica, sans-serif; font-size: 18.6667px;\">&nbsp;<\/span><br>\n<span style=\"color: rgb(64, 64, 64); font-family: arial, helvetica, sans-serif; font-size: 18.6667px;\">SUBJECT'S RIGHTS:&nbsp; If you have read this form and have decided to participate in this project, please understand your participation is voluntary and you have the right to withdraw your consent or discontinue participation at any time without penalty or loss of benefits to which you are otherwise entitled.&nbsp; The alternative is not to participate.&nbsp; You have the right to refuse to answer particular questions.&nbsp; Your individual privacy will be maintained in all published and written data resulting from the study.&nbsp; No personally identifying information is ever revealed to the researchers.<\/span><br>\n<span style=\"color: rgb(64, 64, 64); font-family: arial, helvetica, sans-serif; font-size: 18.6667px;\">&nbsp;<\/span><br>\n<span style=\"color: rgb(64, 64, 64); font-family: arial, helvetica, sans-serif; font-size: 18.6667px;\">CONTACT INFORMATION:<\/span><br>\n<span style=\"font-size: 18.6667px;\">Questions:&nbsp; If you have any questions, concerns or complaints about this research, its procedures, risks and benefits, contact the Protocol Director, Marianna Zhang, at stanford.markman.lab@gmail.com.<\/span><br>\n<span style=\"color: rgb(64, 64, 64); font-family: arial, helvetica, sans-serif; font-size: 18.6667px;\">&nbsp;<\/span><br>\n<span style=\"color: rgb(64, 64, 64); font-family: arial, helvetica, sans-serif; font-size: 18.6667px;\">Independent Contact:&nbsp; If you are not satisfied with how this study is being conducted, or if you have any concerns, complaints, or general questions about the research or your rights as a participant, please contact the Stanford Institutional Review Board (IRB) to speak to someone independent of the research team at (650) 723-2480 or toll free at 1-866-680-2906.&nbsp; You can also write to the Stanford IRB, Stanford University, 3000 El Camino Real, Five Palo Alto Square, 4th Floor, Palo Alto, CA 94306.<\/span><br>\n<span style=\"color: rgb(64, 64, 64); font-family: arial, helvetica, sans-serif; font-size: 18.6667px;\">&nbsp;<\/span><br>\n<span style=\"color: rgb(64, 64, 64); font-family: arial, helvetica, sans-serif; font-size: 18.6667px;\">Please print a copy of this page for your records.<\/span><br>\n<span style=\"color: rgb(64, 64, 64); font-family: arial, helvetica, sans-serif; font-size: 18.6667px;\">&nbsp;<\/span><br>\n<span style=\"color: rgb(64, 64, 64); font-family: arial, helvetica, sans-serif; font-size: 18.6667px;\">If you agree to participate in this research, please complete and submit the following questionnaire.<\/span>\n<div>&nbsp;<\/div>\n<\/div>","DefaultChoices":false,"DataExportTag":"consent","QuestionType":"MC","Selector":"SAVR","SubSelector":"TX","DataVisibility":{"Private":false,"Hidden":false},"Configuration":{"QuestionDescriptionOption":"UseText"},"QuestionDescription":"STUDY TITLE: Comparison processing in children \u00a0 PROTOCOL DIRECTOR:\u00a0 Marianna Zhang \u00a0 DESCRIPTION...","Choices":{"1":{"Display":"<span style=\"font-size:16px;\"><span style=\"font-family:arial,helvetica,sans-serif;\">I do NOT consent to participate<\/span><\/span>"},"2":{"Display":"<span style=\"font-size:16px;\"><span style=\"font-family:arial,helvetica,sans-serif;\">I do consent to participate<\/span><\/span>"}},"ChoiceOrder":[1,2],"Validation":{"Settings":{"ForceResponse":"ON","ForceResponseType":"ON","Type":"None"}},"GradingData":[],"Language":[],"NextChoiceId":3,"NextAnswerId":1,"QuestionID":"QID64"}},{"SurveyID":"SV_endK22DGp3n4rm5","Element":"SQ","PrimaryAttribute":"QID94","SecondaryAttribute":"Thanks! Now we'd just like to know a little bit more about you. Your responses are optional but v...","TertiaryAttribute":null,"Payload":{"QuestionText":"Thanks! Now we'd just like to know a little bit more about you. Your responses are optional but very helpful, so we can understand how representative our sample is of the general population.&nbsp;","DefaultChoices":false,"DataExportTag":"Q60","QuestionType":"DB","Selector":"TB","Configuration":{"QuestionDescriptionOption":"UseText"},"QuestionDescription":"Thanks! Now we'd just like to know a little bit more about you. Your responses are optional but v...","ChoiceOrder":[],"Validation":{"Settings":{"Type":"None"}},"GradingData":[],"Language":[],"NextChoiceId":4,"NextAnswerId":1,"QuestionID":"QID94","DataVisibility":{"Private":false,"Hidden":false}}},{"SurveyID":"SV_endK22DGp3n4rm5","Element":"SQ","PrimaryAttribute":"QID110","SecondaryAttribute":"That's right! It's not okay\u00a0for someone to steal money from their friend, because stealing is not..","TertiaryAttribute":null,"Payload":{"QuestionText":"That's right! It's <b>not okay&nbsp;<\/b>for someone to steal money from their friend, because stealing is not okay.","DefaultChoices":false,"DataExportTag":"Q46","QuestionType":"DB","Selector":"TB","DataVisibility":{"Private":false,"Hidden":false},"Configuration":{"QuestionDescriptionOption":"UseText"},"QuestionDescription":"That's right! It's not okay\u00a0for someone to steal money from their friend, because stealing is not...","DisplayLogic":{"0":{"0":{"LogicType":"Question","QuestionID":"QID91","QuestionIsInLoop":"no","ChoiceLocator":"q:\/\/QID91\/SelectableChoice\/2","Operator":"Selected","QuestionIDFromLocator":"QID91","LeftOperand":"q:\/\/QID91\/SelectableChoice\/2","Type":"Expression","Description":"<span class=\"ConjDesc\">If<\/span> <span class=\"QuestionDesc\">Is it okay or not okay if someone steals money from their friend?<\/span> <span class=\"LeftOpDesc\">Not okay<\/span> <span class=\"OpDesc\">Is Selected<\/span> "},"Type":"If"},"Type":"BooleanExpression","inPage":false},"ChoiceOrder":[],"Validation":{"Settings":{"Type":"None"}},"GradingData":[],"Language":[],"NextChoiceId":4,"NextAnswerId":1,"QuestionID":"QID110"}},{"SurveyID":"SV_endK22DGp3n4rm5","Element":"SQ","PrimaryAttribute":"QID111","SecondaryAttribute":"That's right! It's okay\u00a0for someone to give their friend a gift, because giving gifts is okay.","TertiaryAttribute":null,"Payload":{"QuestionText":"That's right! It's <b>okay&nbsp;<\/b>for someone to give their friend a gift, because giving gifts is okay.","DefaultChoices":false,"DataExportTag":"Q47","QuestionType":"DB","Selector":"TB","DataVisibility":{"Private":false,"Hidden":false},"Configuration":{"QuestionDescriptionOption":"UseText"},"QuestionDescription":"That's right! It's okay\u00a0for someone to give their friend a gift, because giving gifts is okay.","DisplayLogic":{"0":{"0":{"LogicType":"Question","QuestionID":"QID92","QuestionIsInLoop":"no","ChoiceLocator":"q:\/\/QID92\/SelectableChoice\/1","Operator":"Selected","QuestionIDFromLocator":"QID92","LeftOperand":"q:\/\/QID92\/SelectableChoice\/1","Type":"Expression","Description":"<span class=\"ConjDesc\">If<\/span> <span class=\"QuestionDesc\">Is it okay or not okay if someone gives their friend a gift?<\/span> <span class=\"LeftOpDesc\">Okay<\/span> <span class=\"OpDesc\">Is Selected<\/span> "},"Type":"If"},"Type":"BooleanExpression","inPage":false},"ChoiceOrder":[],"Validation":{"Settings":{"Type":"None"}},"GradingData":[],"Language":[],"NextChoiceId":4,"NextAnswerId":1,"QuestionID":"QID111"}},{"SurveyID":"SV_endK22DGp3n4rm5","Element":"SQ","PrimaryAttribute":"QID108","SecondaryAttribute":"That's right! People\u00a0can shower in the morning instead of at night, because people can decide to...","TertiaryAttribute":null,"Payload":{"QuestionText":"That's right! People&nbsp;<b>can<\/b> shower in the morning instead of at night, because people can decide to change their showering habits.","DefaultChoices":false,"DataExportTag":"Q44","QuestionType":"DB","Selector":"TB","DataVisibility":{"Private":false,"Hidden":false},"Configuration":{"QuestionDescriptionOption":"UseText"},"QuestionDescription":"That's right! People\u00a0can shower in the morning instead of at night, because people can decide to...","DisplayLogic":{"0":{"0":{"LogicType":"Question","QuestionID":"QID89","QuestionIsInLoop":"no","ChoiceLocator":"q:\/\/QID89\/SelectableChoice\/1","Operator":"Selected","QuestionIDFromLocator":"QID89","LeftOperand":"q:\/\/QID89\/SelectableChoice\/1","Type":"Expression","Description":"<span class=\"ConjDesc\">If<\/span> <span class=\"QuestionDesc\">Can people shower in the morning instead of at night?<\/span> <span class=\"LeftOpDesc\">Yes<\/span> <span class=\"OpDesc\">Is Selected<\/span> "},"Type":"If"},"Type":"BooleanExpression","inPage":false},"ChoiceOrder":[],"Validation":{"Settings":{"Type":"None"}},"GradingData":[],"Language":[],"NextChoiceId":4,"NextAnswerId":1,"QuestionID":"QID108"}},{"SurveyID":"SV_endK22DGp3n4rm5","Element":"SQ","PrimaryAttribute":"QID109","SecondaryAttribute":"That's right! People\u00a0can't walk through walls, because walls are solid and we can't pass through...","TertiaryAttribute":null,"Payload":{"QuestionText":"That's right! People&nbsp;<b>can't <\/b>walk through walls, because walls are solid and we can't pass through them.","DefaultChoices":false,"DataExportTag":"Q45","QuestionType":"DB","Selector":"TB","DataVisibility":{"Private":false,"Hidden":false},"Configuration":{"QuestionDescriptionOption":"UseText"},"QuestionDescription":"That's right! People\u00a0can't walk through walls, because walls are solid and we can't pass through...","DisplayLogic":{"0":{"0":{"LogicType":"Question","QuestionID":"QID88","QuestionIsInLoop":"no","ChoiceLocator":"q:\/\/QID88\/SelectableChoice\/2","Operator":"Selected","QuestionIDFromLocator":"QID88","LeftOperand":"q:\/\/QID88\/SelectableChoice\/2","Type":"Expression","Description":"<span class=\"ConjDesc\">If<\/span> <span class=\"QuestionDesc\">Can people walk through walls?<\/span> <span class=\"LeftOpDesc\">No<\/span> <span class=\"OpDesc\">Is Selected<\/span> "},"Type":"If"},"Type":"BooleanExpression","inPage":false},"ChoiceOrder":[],"Validation":{"Settings":{"Type":"None"}},"GradingData":[],"Language":[],"NextChoiceId":4,"NextAnswerId":1,"QuestionID":"QID109"}},{"SurveyID":"SV_endK22DGp3n4rm5","Element":"SQ","PrimaryAttribute":"QID102","SecondaryAttribute":"There are 2 kinds of friendly aliens who live on this planet: Zarpies and Vawns.","TertiaryAttribute":null,"Payload":{"QuestionText":"There are 2 kinds of friendly aliens who live on this planet: Zarpies and Vawns.<br \/>\n<img alt=\"smiling blue monster with 4 legs and 2 arms\" height=\"287\" src=\"https:\/\/stanforduniversity.qualtrics.com\/CP\/Graphic.php?IM=IM_0BNxQohrvXd8Uvz\" style=\"width: 300px; height: 287px;\" width=\"300\" \/> <img alt=\"smiling red monster with short stubby legs\" height=\"255\" src=\"https:\/\/stanforduniversity.qualtrics.com\/CP\/Graphic.php?IM=IM_8nZoZD1BXXkokOF\" style=\"width: 236px; height: 255px;\" width=\"236\" \/>","DefaultChoices":false,"DataExportTag":"groups","QuestionType":"DB","Selector":"TB","DataVisibility":{"Private":false,"Hidden":false},"Configuration":{"QuestionDescriptionOption":"UseText"},"QuestionDescription":"There are 2 kinds of friendly aliens who live on this planet: Zarpies and Vawns.","ChoiceOrder":[],"Validation":{"Settings":{"Type":"None"}},"GradingData":[],"Language":[],"NextChoiceId":4,"NextAnswerId":1,"Graphics":"IM_3UyqTNZ4hv8qrel","GraphicsDescription":"Planet","QuestionID":"QID102"}},{"SurveyID":"SV_endK22DGp3n4rm5","Element":"SQ","PrimaryAttribute":"QID67","SecondaryAttribute":"This task involved:","TertiaryAttribute":null,"Payload":{"QuestionText":"This task involved:","DataExportTag":"check_task","QuestionType":"MC","Selector":"SAVR","SubSelector":"TX","DataVisibility":{"Private":false,"Hidden":false},"Configuration":{"QuestionDescriptionOption":"UseText","LabelPosition":"BELOW"},"QuestionDescription":"This task involved:","Choices":{"3":{"Display":"Learning about Zarpies and answering questions about them"},"4":{"Display":"Translating the language of Zarpies into English"},"5":{"Display":"Listening to music made by Zarpies and rating how the music sounds"},"6":{"Display":"Writing an essay about the political views of Zarpies"}},"ChoiceOrder":[3,"5",4,"6"],"Validation":{"Settings":{"ForceResponse":"ON","ForceResponseType":"ON","Type":"None"}},"Language":[],"NextChoiceId":7,"NextAnswerId":1,"QuestionID":"QID67","Randomization":{"Advanced":null,"TotalRandSubset":"","Type":"All"}}},{"SurveyID":"SV_endK22DGp3n4rm5","Element":"SQ","PrimaryAttribute":"QID4","SecondaryAttribute":"Today we're going to learn about Zarpies!","TertiaryAttribute":null,"Payload":{"QuestionText":"Today we&#39;re going to learn about Zarpies!<br \/>\n<img alt=\"smiling blue monster (Zarpie)\" height=\"287\" src=\"https:\/\/stanforduniversity.qualtrics.com\/CP\/Graphic.php?IM=IM_0BNxQohrvXd8Uvz\" style=\"width: 300px; height: 287px;\" width=\"300\" \/>","DefaultChoices":false,"DataExportTag":"Zarpies","QuestionType":"DB","Selector":"TB","DataVisibility":{"Private":false,"Hidden":false},"Configuration":{"QuestionDescriptionOption":"UseText"},"QuestionDescription":"Today we're going to learn about Zarpies!","ChoiceOrder":[],"Validation":{"Settings":{"Type":"None"}},"GradingData":[],"Language":[],"NextChoiceId":4,"NextAnswerId":1,"Graphics":"IM_1HQnrypnBqmj6Xb","GraphicsDescription":"Slide3","QuestionID":"QID4"}},{"SurveyID":"SV_endK22DGp3n4rm5","Element":"SQ","PrimaryAttribute":"QID77","SecondaryAttribute":"Vawns live here, on this other side of the planet.\u00a0","TertiaryAttribute":null,"Payload":{"QuestionText":"Vawns live here, on this other side of the planet.&nbsp;<br>\n<img alt=\"planet with bottom half highlighted in red\" height=\"292\" src=\"https:\/\/stanforduniversity.qualtrics.com\/CP\/Graphic.php?IM=IM_beYjlvL3lzMR6lf\" style=\"width: 300px; height: 292px;\" width=\"300\"> <img alt=\"smiling red monster (Vawn)\" height=\"216\" src=\"https:\/\/stanforduniversity.qualtrics.com\/CP\/Graphic.php?IM=IM_8nZoZD1BXXkokOF\" style=\"width: 200px; height: 216px;\" width=\"200\">","DefaultChoices":false,"DataExportTag":"Q43","QuestionType":"DB","Selector":"TB","DataVisibility":{"Private":false,"Hidden":false},"Configuration":{"QuestionDescriptionOption":"UseText"},"QuestionDescription":"Vawns live here, on this other side of the planet.\u00a0","ChoiceOrder":[],"Validation":{"Settings":{"Type":"None"}},"GradingData":[],"Language":[],"NextChoiceId":4,"NextAnswerId":1,"Graphics":"IM_0MSFFyLsWM32Bal","GraphicsDescription":"Slide1","QuestionID":"QID77"}},{"SurveyID":"SV_endK22DGp3n4rm5","Element":"SQ","PrimaryAttribute":"QID72","SecondaryAttribute":"We are still testing and making changes to this task, so we would appreciate any feedback below!...","TertiaryAttribute":null,"Payload":{"QuestionText":"We are still testing and making changes to this task, so we would appreciate any feedback below! (optional)","DefaultChoices":false,"DataExportTag":"debrief","QuestionType":"TE","Selector":"FORM","DataVisibility":{"Private":false,"Hidden":false},"Configuration":{"QuestionDescriptionOption":"UseText"},"QuestionDescription":"We are still testing and making changes to this task, so we would appreciate any feedback below!...","Choices":{"1":{"Display":"Did you have any problems with this survey? Was anything confusing?","TextEntry":"on","InputWidth":470},"2":{"Display":"Would you suggest any changes to improve this survey?","TextEntry":"on","InputWidth":470,"TextEntryLength":"Essay"},"3":{"Display":"What do you think this study is about?","TextEntry":"on","InputWidth":470,"TextEntryLength":"Essay"}},"ChoiceOrder":[1,2,3],"Validation":{"Settings":{"ForceResponse":"OFF","ForceResponseType":"ON"}},"GradingData":[],"Language":[],"NextChoiceId":4,"NextAnswerId":1,"SearchSource":{"AllowFreeResponse":"false"},"QuestionID":"QID72"}},{"SurveyID":"SV_endK22DGp3n4rm5","Element":"SQ","PrimaryAttribute":"QID71","SecondaryAttribute":"What is the highest level of education you have completed?","TertiaryAttribute":null,"Payload":{"QuestionText":"What is the highest level of education you have completed?","DataExportTag":"education","QuestionType":"MC","Selector":"SAVR","SubSelector":"TX","DataVisibility":{"Private":false,"Hidden":false},"Configuration":{"QuestionDescriptionOption":"UseText"},"QuestionDescription":"What is the highest level of education you have completed?","Choices":{"1":{"Display":"Less than high school"},"2":{"Display":"High school\/GED"},"3":{"Display":"Some college"},"4":{"Display":"Bachelor's (B.A., B.S.)"},"5":{"Display":"Master's (M.A., M.S.)"},"6":{"Display":"Doctoral (Ph.D., J.D., M.D.)"},"7":{"Display":"Prefer not to specify"}},"ChoiceOrder":[1,2,3,4,5,6,"7"],"Validation":{"Settings":{"ForceResponse":"RequestResponse","ForceResponseType":"RequestResponse","Type":"None"}},"VariableNaming":{"1":"Less than high school","2":"High school\/GED","3":"Some college","4":"Bachelor's (B.A., B.S.)","5":"Master's (M.A., M.S.)","6":"Doctoral (Ph.D., J.D., M.D.)","7":"Click to write Choice 7"},"Language":[],"NextChoiceId":8,"NextAnswerId":1,"QuestionID":"QID71"}},{"SurveyID":"SV_endK22DGp3n4rm5","Element":"SQ","PrimaryAttribute":"QID105","SecondaryAttribute":"Which group usually eats okinberries?","TertiaryAttribute":null,"Payload":{"QuestionText":"Which group usually eats okinberries?<br \/>\n<img height=\"221\" src=\"https:\/\/stanforduniversity.qualtrics.com\/CP\/Graphic.php?IM=IM_88kjMQJcswSaLOd\" style=\"width: 100px; height: 221px;\" width=\"100\" \/>","DataExportTag":"check_group_berry","QuestionType":"MC","Selector":"SAHR","SubSelector":"TX","Configuration":{"QuestionDescriptionOption":"UseText","LabelPosition":"BELOW"},"QuestionDescription":"Which group usually eats okinberries?","Choices":{"1":{"Display":"<img height=\"96\" src=\"https:\/\/stanforduniversity.qualtrics.com\/CP\/Graphic.php?IM=IM_0BNxQohrvXd8Uvz\" style=\"width: 100px; height: 96px;\" width=\"100\" \/><br \/>\n<br \/>\nZarpies"},"2":{"Display":"<img height=\"81\" src=\"https:\/\/stanforduniversity.qualtrics.com\/CP\/Graphic.php?IM=IM_8nZoZD1BXXkokOF\" style=\"width: 75px; height: 81px;\" width=\"75\" \/><br \/>\n<br \/>\nVawns"}},"ChoiceOrder":["1","2"],"Validation":{"Settings":{"ForceResponse":"OFF","ForceResponseType":"ON","Type":"None"}},"Language":[],"NextChoiceId":4,"NextAnswerId":1,"QuestionID":"QID105","Randomization":{"Advanced":null,"TotalRandSubset":"","Type":"All"},"DataVisibility":{"Private":false,"Hidden":false}}},{"SurveyID":"SV_endK22DGp3n4rm5","Element":"SQ","PrimaryAttribute":"QID86","SecondaryAttribute":"Which social class group do you identify with?","TertiaryAttribute":null,"Payload":{"QuestionText":"Which social class group do you identify with?","DataExportTag":"ses","QuestionType":"MC","Selector":"SAVR","SubSelector":"TX","DataVisibility":{"Private":false,"Hidden":false},"Configuration":{"QuestionDescriptionOption":"UseText"},"QuestionDescription":"Which social class group do you identify with?","Choices":{"1":{"Display":"Poor"},"2":{"Display":"Working class"},"3":{"Display":"Middle class"},"4":{"Display":"Affluent"},"5":{"Display":"Prefer not to specify"}},"ChoiceOrder":[1,2,3,4,5],"Validation":{"Settings":{"ForceResponse":"RequestResponse","ForceResponseType":"RequestResponse","Type":"None"}},"VariableNaming":{"1":"Less than high school","2":"High school\/GED","3":"Some college","4":"Bachelor's (B.A., B.S.)","5":"Master's (M.A., M.S.)"},"Language":[],"NextChoiceId":7,"NextAnswerId":1,"QuestionID":"QID86"}},{"SurveyID":"SV_endK22DGp3n4rm5","Element":"SQ","PrimaryAttribute":"QID3","SecondaryAttribute":"Zarpies eat pogoberries. Vawns eat okinberries.","TertiaryAttribute":null,"Payload":{"QuestionText":"<p>Zarpies eat pogoberries. Vawns eat okinberries.<br \/>\n<img alt=\"smiling blue monster (Zarpie) next to 3 blue round berries (pogoberries)\" height=\"176\" src=\"https:\/\/stanforduniversity.qualtrics.com\/CP\/Graphic.php?IM=IM_1F9eHS9mFy8EDNX\" style=\"width: 243px; height: 176px;\" width=\"243\" \/><img alt=\"smiling red monster (Vawn) next to 3 red round berries (okinberries)\" height=\"169\" src=\"https:\/\/stanforduniversity.qualtrics.com\/CP\/Graphic.php?IM=IM_0MQRGmz9tWXqkCh\" style=\"width: 234px; height: 169px;\" width=\"234\" \/><\/p>","DefaultChoices":false,"DataExportTag":"generic","QuestionType":"DB","Selector":"TB","DataVisibility":{"Private":false,"Hidden":false},"Configuration":{"QuestionDescriptionOption":"UseText"},"QuestionDescription":"Zarpies eat pogoberries. Vawns eat okinberries.","ChoiceOrder":[],"Validation":{"Settings":{"Type":"None"}},"GradingData":[],"Language":[],"NextChoiceId":4,"NextAnswerId":1,"Graphics":"IM_b2A0KpvVJPplgOh","GraphicsDescription":"Slide2","QuestionID":"QID3"}},{"SurveyID":"SV_endK22DGp3n4rm5","Element":"SQ","PrimaryAttribute":"QID76","SecondaryAttribute":"Zarpies live here, on this side of the planet.\u00a0\u00a0","TertiaryAttribute":null,"Payload":{"QuestionText":"Zarpies live here, on this side of the planet.&nbsp;<br \/>\n<img alt=\"planet with top half highlighted in blue\" height=\"292\" src=\"https:\/\/stanforduniversity.qualtrics.com\/CP\/Graphic.php?IM=IM_74IZZdUDPqGywAJ\" style=\"width: 300px; height: 292px;\" width=\"300\" \/>&nbsp; <img alt=\"smiling blue monster (Zarpie)\" height=\"239\" src=\"https:\/\/stanforduniversity.qualtrics.com\/CP\/Graphic.php?IM=IM_0BNxQohrvXd8Uvz\" style=\"width: 250px; height: 239px;\" width=\"250\" \/>","DefaultChoices":false,"DataExportTag":"Q42","QuestionType":"DB","Selector":"TB","DataVisibility":{"Private":false,"Hidden":false},"Configuration":{"QuestionDescriptionOption":"UseText"},"QuestionDescription":"Zarpies live here, on this side of the planet.\u00a0\u00a0","ChoiceOrder":[],"Validation":{"Settings":{"Type":"None"}},"GradingData":[],"Language":[],"NextChoiceId":4,"NextAnswerId":1,"Graphics":"IM_0MSFFyLsWM32Bal","GraphicsDescription":"Slide1","QuestionID":"QID76"}}]}